{
  "nodes": {
    "agenix": {
      "inputs": {
        "nixpkgs": [
          "latest"
        ]
      },
      "locked": {
        "lastModified": 1626960455,
        "narHash": "sha256-N3+qOtsADo59UcG8PxqNMhT94wqTQ73k08gpy1dLaWU=",
        "owner": "ryantm",
        "repo": "agenix",
        "rev": "fb00f178b3a49a39cc964049075439b575d36d60",
        "type": "github"
      },
      "original": {
        "owner": "ryantm",
        "repo": "agenix",
        "type": "github"
      }
    },
    "anbox": {
      "locked": {
        "lastModified": 1623131708,
        "narHash": "sha256-dpHsGaKODMALfGjQVv273iH9/s4VZQdDfEf9mcK3pNg=",
        "owner": "samueldr",
        "repo": "nixpkgs",
        "rev": "fdf7b4be1a659ed8b96586c2fc8ff90850e25feb",
        "type": "github"
      },
      "original": {
        "owner": "samueldr",
        "ref": "feature/anbox-2021-06-refresh",
        "repo": "nixpkgs",
        "type": "github"
      }
    },
    "blank": {
      "locked": {
        "lastModified": 1625557891,
        "narHash": "sha256-O8/MWsPBGhhyPoPLHZAuoZiiHo9q6FLlEeIDEXuj6T4=",
        "owner": "divnix",
        "repo": "blank",
        "rev": "5a5d2684073d9f563072ed07c871d577a6c614a8",
        "type": "github"
      },
      "original": {
        "owner": "divnix",
        "repo": "blank",
        "type": "github"
      }
    },
    "bud": {
      "inputs": {
        "devshell": [
          "digga",
          "devshell"
        ],
        "nixpkgs": [
          "nixos"
        ]
      },
      "locked": {
        "lastModified": 1627447597,
        "narHash": "sha256-e7q4jCq7MPHTa0HKxX5fJS1JwZ33BN9WohWUy6sOOgA=",
        "owner": "divnix",
        "repo": "bud",
        "rev": "231fa20ed93944e5b484cb5d820c60c17f4dfc35",
        "type": "github"
      },
      "original": {
        "owner": "divnix",
        "repo": "bud",
        "type": "github"
      }
    },
    "cachix": {
      "locked": {
        "lastModified": 1625876282,
        "narHash": "sha256-z/Gv+11Uzdv3HcQCY+xGi1+iuc3rmCaPzxxDSMnuRAI=",
        "owner": "nixos",
        "repo": "nixpkgs",
        "rev": "068984c00e0d4e54b6684d98f6ac47c92dcb642e",
        "type": "github"
      },
      "original": {
        "owner": "nixos",
        "ref": "nixos-20.09",
        "repo": "nixpkgs",
        "type": "github"
      }
    },
    "cachix_2": {
      "locked": {
        "lastModified": 1625876282,
        "narHash": "sha256-z/Gv+11Uzdv3HcQCY+xGi1+iuc3rmCaPzxxDSMnuRAI=",
        "owner": "nixos",
        "repo": "nixpkgs",
        "rev": "068984c00e0d4e54b6684d98f6ac47c92dcb642e",
        "type": "github"
      },
      "original": {
        "owner": "nixos",
        "ref": "nixos-20.09",
        "repo": "nixpkgs",
        "type": "github"
      }
    },
    "ci-agent": {
      "inputs": {
        "flake-compat": [
          "digga",
          "deploy",
          "flake-compat"
        ],
        "nix-darwin": [
          "darwin"
        ],
        "nixos-20_09": [
          "nixos"
        ],
        "nixos-unstable": [
          "latest"
        ],
        "pre-commit-hooks-nix": "pre-commit-hooks-nix"
      },
      "locked": {
        "lastModified": 1626066948,
        "narHash": "sha256-rBo4nCPyAHb1e/9ysYGH7tW1FV0N2XNvRcJR+g8gugA=",
        "owner": "hercules-ci",
        "repo": "hercules-ci-agent",
        "rev": "7f3265cc42d5f364066c145939ee2812938b991c",
        "type": "github"
      },
      "original": {
        "owner": "hercules-ci",
        "repo": "hercules-ci-agent",
        "type": "github"
      }
    },
    "darwin": {
      "inputs": {
        "nixpkgs": [
          "latest"
        ]
      },
      "locked": {
        "lastModified": 1622060422,
        "narHash": "sha256-hPVlvrAyf6zL7tTx0lpK+tMxEfZeMiIZ/A2xaJ41WOY=",
        "owner": "LnL7",
        "repo": "nix-darwin",
        "rev": "007d700e644ac588ad6668e6439950a5b6e2ff64",
        "type": "github"
      },
      "original": {
        "owner": "LnL7",
        "repo": "nix-darwin",
        "type": "github"
      }
    },
    "deploy": {
      "inputs": {
        "flake-compat": "flake-compat",
        "naersk": "naersk",
        "nixpkgs": [
          "digga",
          "nixpkgs"
        ],
        "utils": [
          "digga",
          "flake-utils"
        ]
      },
      "locked": {
        "lastModified": 1625729093,
        "narHash": "sha256-hpo8T7mlVEpHpZIYqhxqt5i/XY8eu4p66MrAg/MCuVY=",
        "owner": "serokell",
        "repo": "deploy-rs",
        "rev": "587cbcfe8d3ea05c5bb153764d3617012ef28c86",
        "type": "github"
      },
      "original": {
        "owner": "serokell",
        "repo": "deploy-rs",
        "type": "github"
      }
    },
    "devshell": {
      "locked": {
        "lastModified": 1625086391,
        "narHash": "sha256-IpNPv1v8s4L3CoxhwcgZIitGpcrnNgnj09X7TA0QV3k=",
        "owner": "numtide",
        "repo": "devshell",
        "rev": "4b5ac7cf7d9a1cc60b965bb51b59922f2210cbc7",
        "type": "github"
      },
      "original": {
        "owner": "numtide",
        "repo": "devshell",
        "type": "github"
      }
    },
    "digga": {
      "inputs": {
        "blank": "blank",
        "deploy": "deploy",
        "devshell": "devshell",
        "flake-utils": "flake-utils",
        "flake-utils-plus": "flake-utils-plus",
        "home-manager": [
          "home"
        ],
        "nixlib": [
          "nixos"
        ],
        "nixos-generators": "nixos-generators",
        "nixpkgs": [
          "nixos"
        ]
      },
      "locked": {
        "lastModified": 1627484795,
        "narHash": "sha256-ZnErne4CWPxN3G6jwEzSeTD++iIXdRa9+5ZTp2IuOQ0=",
        "owner": "divnix",
        "repo": "digga",
        "rev": "b52bb1001950eae6aca993232c1a88d0638b1dcf",
        "type": "github"
      },
      "original": {
        "owner": "divnix",
        "repo": "digga",
        "type": "github"
      }
    },
    "firefox-nightly": {
      "inputs": {
        "cachix": "cachix",
        "mozilla": "mozilla",
        "nixpkgs": [
          "nixos"
        ]
      },
      "locked": {
        "lastModified": 1627516836,
        "narHash": "sha256-pSEiUcXV1iiLmcBq8ZYPPWYs4xsmLAWvIGFxZH2Teio=",
        "owner": "colemickens",
        "repo": "flake-firefox-nightly",
        "rev": "6c5b0bc9a5ab92f439a5867f2c09d8d4e9f22572",
        "type": "github"
      },
      "original": {
        "owner": "colemickens",
        "repo": "flake-firefox-nightly",
        "type": "github"
      }
    },
    "flake-compat": {
      "flake": false,
      "locked": {
        "lastModified": 1606424373,
        "narHash": "sha256-oq8d4//CJOrVj+EcOaSXvMebvuTkmBJuT5tzlfewUnQ=",
        "owner": "edolstra",
        "repo": "flake-compat",
        "rev": "99f1c2157fba4bfe6211a321fd0ee43199025dbf",
        "type": "github"
      },
      "original": {
        "owner": "edolstra",
        "repo": "flake-compat",
        "type": "github"
      }
    },
    "flake-utils": {
      "locked": {
        "lastModified": 1623875721,
        "narHash": "sha256-A8BU7bjS5GirpAUv4QA+QnJ4CceLHkcXdRp4xITDB0s=",
        "owner": "numtide",
        "repo": "flake-utils",
        "rev": "f7e004a55b120c02ecb6219596820fcd32ca8772",
        "type": "github"
      },
      "original": {
        "owner": "numtide",
        "repo": "flake-utils",
        "type": "github"
      }
    },
    "flake-utils-plus": {
      "inputs": {
        "flake-utils": [
          "digga",
          "flake-utils"
        ]
      },
      "locked": {
        "lastModified": 1627071952,
        "narHash": "sha256-FhE0KOuI9Kl4eyGJXu4bh9fBP2hbxjnD1DlKHljCcYs=",
        "owner": "gytis-ivaskevicius",
        "repo": "flake-utils-plus",
        "rev": "51a82925db31073bc4822c9b538a0a3ebf1134b2",
        "type": "github"
      },
      "original": {
        "owner": "gytis-ivaskevicius",
        "ref": "staging",
        "repo": "flake-utils-plus",
        "type": "github"
      }
    },
    "flake-utils_2": {
      "locked": {
        "lastModified": 1614513358,
        "narHash": "sha256-LakhOx3S1dRjnh0b5Dg3mbZyH0ToC9I8Y2wKSkBaTzU=",
        "owner": "numtide",
        "repo": "flake-utils",
        "rev": "5466c5bbece17adaab2d82fae80b46e807611bf3",
        "type": "github"
      },
      "original": {
        "owner": "numtide",
        "repo": "flake-utils",
        "type": "github"
      }
    },
    "globalRegistry": {
      "flake": false,
      "locked": {
        "lastModified": 1614596001,
        "narHash": "sha256-FRus+cq5zVKn9cqAJsMg8OVqNZDrr8QhbOzAz6kxti4=",
        "owner": "NixOS",
        "repo": "flake-registry",
        "rev": "846277a41f292c63d7c2a4bed07152d982829bcb",
        "type": "github"
      },
      "original": {
        "owner": "NixOS",
        "repo": "flake-registry",
        "type": "github"
      }
    },
    "home": {
      "inputs": {
        "nixpkgs": [
          "nixos"
        ]
      },
      "locked": {
        "lastModified": 1627158444,
        "narHash": "sha256-+C0SqhyQQplhcmWl681ODGNWUng8Wp1yvC/MdI1Q7hY=",
        "owner": "nix-community",
        "repo": "home-manager",
        "rev": "9c0abed5228d54aad120b4bc757b6f5935aeda1c",
        "type": "github"
      },
      "original": {
        "owner": "nix-community",
        "ref": "release-21.05",
        "repo": "home-manager",
        "type": "github"
      }
    },
    "impermanence": {
      "flake": false,
      "locked": {
        "lastModified": 1611747548,
        "narHash": "sha256-2z5wmWda1uI4IkTZrW52jiHq3bzhYLc+GgjvaSd544M=",
        "owner": "nix-community",
        "repo": "impermanence",
        "rev": "58558845bc68dcf2bb32caa80564f7fe3f6cbc61",
        "type": "github"
      },
      "original": {
        "owner": "nix-community",
        "repo": "impermanence",
        "type": "github"
      }
    },
    "latest": {
      "locked": {
        "lastModified": 1627391865,
        "narHash": "sha256-tPoWBO9Nzu3wuX37WcnctzL6LoDCErJLnfLGqqmXCm4=",
        "ref": "nixos-unstable",
        "rev": "8ecc61c91a596df7d3293603a9c2384190c1b89a",
        "revCount": 304626,
        "type": "git",
        "url": "file:///nix/nixpkgs"
      },
      "original": {
        "id": "nixpkgs",
        "ref": "nixos-unstable",
        "type": "indirect"
      }
    },
    "mozilla": {
      "flake": false,
      "locked": {
        "lastModified": 1622726979,
        "narHash": "sha256-JCBPZVQ4aGe3cmnQc1tjJRwaxqz1b60piQz+/F9CMtc=",
        "owner": "mozilla",
        "repo": "nixpkgs-mozilla",
        "rev": "3f3fba4e2066f28a1ad7ac60e86a688a92eb5b5f",
        "type": "github"
      },
      "original": {
        "owner": "mozilla",
        "repo": "nixpkgs-mozilla",
        "type": "github"
      }
    },
    "naersk": {
      "inputs": {
        "nixpkgs": [
          "digga",
          "deploy",
          "nixpkgs"
        ]
      },
      "locked": {
        "lastModified": 1622810282,
        "narHash": "sha256-4wmvM3/xfD0hCdNDIXVzRMfL4yB1J+DjH6Zte2xbAxk=",
        "owner": "nmattia",
        "repo": "naersk",
        "rev": "e8061169e1495871b56be97c5c51d310fae01374",
        "type": "github"
      },
      "original": {
        "owner": "nmattia",
        "ref": "master",
        "repo": "naersk",
        "type": "github"
      }
    },
    "naersk_2": {
      "inputs": {
        "nixpkgs": [
          "latest"
        ]
      },
      "locked": {
        "lastModified": 1623927034,
        "narHash": "sha256-sGxlmfp5eXL5sAMNqHSb04Zq6gPl+JeltIZ226OYN0w=",
        "owner": "nmattia",
        "repo": "naersk",
        "rev": "e09c320446c5c2516d430803f7b19f5833781337",
        "type": "github"
      },
      "original": {
        "owner": "nmattia",
        "repo": "naersk",
        "type": "github"
      }
    },
    "nixos": {
      "locked": {
        "lastModified": 1627512077,
        "narHash": "sha256-SMU/su90N96fcSQYDvGRbhm+VrekpsK3F/bfs2wCH1M=",
        "ref": "release-21.05",
        "rev": "c72c4650de71c2279970387cefa30d2c643fafe9",
        "revCount": 293301,
        "type": "git",
        "url": "file:///nix/nixpkgs"
      },
      "original": {
        "id": "nixpkgs",
        "ref": "release-21.05",
        "type": "indirect"
      }
    },
    "nixos-generators": {
      "inputs": {
        "nixlib": [
          "digga",
          "nixlib"
        ],
        "nixpkgs": [
          "digga",
          "blank"
        ]
      },
      "locked": {
        "lastModified": 1624973746,
        "narHash": "sha256-11JbJRduNwyf556gndGErR5/12ceyHOHBfEuha5Vws4=",
        "owner": "nix-community",
        "repo": "nixos-generators",
        "rev": "022ef440af8dc237ab1f59fa363cb1e25783ec3e",
        "type": "github"
      },
      "original": {
        "owner": "nix-community",
        "repo": "nixos-generators",
        "type": "github"
      }
    },
    "nixos-hardware": {
      "locked": {
        "lastModified": 1627365147,
        "narHash": "sha256-weGn8tUd8VP+YFCqYZ8fOV8OPJxrZLtna8YJKri0Zfk=",
        "owner": "nixos",
        "repo": "nixos-hardware",
        "rev": "615e23579fec9bf0753fd72a8a447d9fb847c58f",
        "type": "github"
      },
      "original": {
        "owner": "nixos",
        "repo": "nixos-hardware",
        "type": "github"
      }
    },
    "nixpkgs": {
      "locked": {
        "lastModified": 1627391865,
        "narHash": "sha256-tPoWBO9Nzu3wuX37WcnctzL6LoDCErJLnfLGqqmXCm4=",
        "owner": "nixos",
        "repo": "nixpkgs",
        "rev": "8ecc61c91a596df7d3293603a9c2384190c1b89a",
        "type": "github"
      },
      "original": {
        "owner": "nixos",
        "ref": "nixos-unstable",
        "repo": "nixpkgs",
        "type": "github"
      }
    },
    "nixpkgs-wayland": {
      "inputs": {
        "cachix": "cachix_2",
        "nixpkgs": "nixpkgs"
      },
      "locked": {
        "lastModified": 1627515753,
        "narHash": "sha256-5JFx+Jd0CGshL3spQOk92LrASr305GNUBibl5PAALbQ=",
        "owner": "colemickens",
        "repo": "nixpkgs-wayland",
        "rev": "707bebb4d33f79b31e723f4d34b6b444c0235e95",
        "type": "github"
      },
      "original": {
        "owner": "colemickens",
        "repo": "nixpkgs-wayland",
        "type": "github"
      }
    },
    "nur": {
      "locked": {
        "lastModified": 1615921934,
        "narHash": "sha256-nURGM869KKA1+c1SHHsXKYcPXhHIuxWBjNXjJ90OzRQ=",
        "path": "/nix/store/7lmzy8xicp2ym1jjfh2l0sv8mf7i7q83-source",
        "rev": "faf862e8cf009edfa38ecc61188f7a6ace293552",
        "type": "path"
      },
      "original": {
        "id": "nur",
        "type": "indirect"
      }
    },
    "nvfetcher": {
      "inputs": {
        "flake-compat": [
          "digga",
          "deploy",
          "flake-compat"
        ],
        "flake-utils": [
          "digga",
          "flake-utils-plus",
          "flake-utils"
        ],
        "nixpkgs": [
          "latest"
        ]
      },
      "locked": {
        "lastModified": 1627523399,
        "narHash": "sha256-j9CgnUQpWcb8OB4LRzPW8BdxvmoROJptgptDlPA8Heo=",
        "owner": "berberman",
        "repo": "nvfetcher",
        "rev": "fb8f2cc770ad3dd3e29d7ba3004692d4d53fba9b",
        "type": "github"
      },
      "original": {
        "owner": "berberman",
        "repo": "nvfetcher",
        "type": "github"
      }
    },
    "pre-commit-hooks-nix": {
      "flake": false,
      "locked": {
        "lastModified": 1622650193,
        "narHash": "sha256-qSzUpJDv04ajS9FXoCq6NjVF3qOt9IiGIiGh0P8amyw=",
        "owner": "cachix",
        "repo": "pre-commit-hooks.nix",
        "rev": "0398f0649e0a741660ac5e8216760bae5cc78579",
        "type": "github"
      },
      "original": {
        "owner": "cachix",
        "repo": "pre-commit-hooks.nix",
        "type": "github"
      }
    },
    "qnr": {
      "inputs": {
        "globalRegistry": "globalRegistry"
      },
      "locked": {
        "lastModified": 1627502350,
        "narHash": "sha256-pzWa6osCCQM5xdf8hi9c3jk/nflrAibFU1CLFrYDHPE=",
        "owner": "divnix",
        "repo": "quick-nix-registry",
        "rev": "b2809b79ff5c271fc0005ca77e1ca22fa22fed32",
        "type": "github"
      },
      "original": {
        "owner": "divnix",
        "repo": "quick-nix-registry",
        "type": "github"
      }
    },
    "root": {
      "inputs": {
        "agenix": "agenix",
        "anbox": "anbox",
        "blank": [
          "digga",
          "blank"
        ],
        "bud": "bud",
        "ci-agent": "ci-agent",
        "darwin": "darwin",
        "deploy": [
          "digga",
          "deploy"
        ],
        "digga": "digga",
        "firefox-nightly": "firefox-nightly",
        "flake-utils": [
          "digga",
          "flake-utils"
        ],
        "flake-utils-plus": [
          "digga",
          "flake-utils-plus"
        ],
        "home": "home",
        "impermanence": "impermanence",
        "latest": "latest",
        "naersk": "naersk_2",
        "nixlib": [
          "digga",
          "nixlib"
        ],
        "nixos": "nixos",
        "nixos-hardware": "nixos-hardware",
        "nixpkgs": [
          "nixos"
        ],
        "nixpkgs-wayland": "nixpkgs-wayland",
        "nur": "nur",
        "nvfetcher": "nvfetcher",
        "qnr": "qnr",
        "rust": "rust",
        "samueldr-anbox": "samueldr-anbox"
      }
    },
    "rust": {
      "inputs": {
        "flake-utils": "flake-utils_2",
        "nixpkgs": [
          "nixos"
        ]
      },
      "locked": {
        "lastModified": 1627611520,
        "narHash": "sha256-WQiUq+Ryr68uqoR8orMyYgZdFBmcFD8xjGrGZ4YpD68=",
        "owner": "oxalica",
        "repo": "rust-overlay",
        "rev": "805641560530a8bbd85b677ce647f13c44f2a4c6",
        "type": "github"
      },
      "original": {
        "owner": "oxalica",
        "repo": "rust-overlay",
        "type": "github"
      }
    },
    "samueldr-anbox": {
      "locked": {
        "lastModified": 1623131708,
        "narHash": "sha256-dpHsGaKODMALfGjQVv273iH9/s4VZQdDfEf9mcK3pNg=",
        "path": "/nix/store/135d3ldnvcjna4vjc4bswb9y05hq8c1a-source",
        "rev": "fdf7b4be1a659ed8b96586c2fc8ff90850e25feb",
        "type": "path"
      },
      "original": {
        "id": "samueldr-anbox",
        "type": "indirect"
      }
    }
  },
  "root": "root",
  "version": 7
}
