{
  "nodes": {
    "agenix": {
      "inputs": {
        "nixpkgs": [
          "nixos"
        ]
      },
      "locked": {
        "lastModified": 1640802000,
        "narHash": "sha256-ZiI94Zv/IgW64fqKrtVaQqfUCkn9STvAjgfFmvtqcQ8=",
        "owner": "ryantm",
        "repo": "agenix",
        "rev": "c5558c88b2941bf94886dfdede6926b1ba5f5629",
        "type": "github"
      },
      "original": {
        "owner": "ryantm",
        "repo": "agenix",
        "type": "github"
      }
    },
    "beautysh": {
      "inputs": {
        "flake-utils": [
          "digga",
          "flake-utils-plus",
          "flake-utils"
        ],
        "nixpkgs": [
          "nixos"
        ],
        "poetry2nix": [
          "poetry2nix"
        ]
      },
      "locked": {
        "lastModified": 1637709071,
        "narHash": "sha256-DC/tB9nYed1fVfFfK/o5cTf4Z070c1ogN5AxJV9a4V8=",
        "owner": "lovesegfault",
        "repo": "beautysh",
        "rev": "1604e3e9f76060b6d5aeb909018a26fe9ff5fb4c",
        "type": "github"
      },
      "original": {
        "owner": "lovesegfault",
        "repo": "beautysh",
        "type": "github"
      }
    },
    "blank": {
      "locked": {
        "lastModified": 1625557891,
        "narHash": "sha256-O8/MWsPBGhhyPoPLHZAuoZiiHo9q6FLlEeIDEXuj6T4=",
        "owner": "divnix",
        "repo": "blank",
        "rev": "5a5d2684073d9f563072ed07c871d577a6c614a8",
        "type": "github"
      },
      "original": {
        "owner": "divnix",
        "repo": "blank",
        "type": "github"
      }
    },
    "bud": {
      "inputs": {
        "beautysh": [
          "beautysh"
        ],
        "devshell": [
          "digga",
          "devshell"
        ],
        "nixpkgs": [
          "nixos"
        ]
      },
      "locked": {
        "lastModified": 1633877936,
        "narHash": "sha256-+o3n6s7fR8dBGRldTGelyp2j3jSyTlrniOXwNfmMG20=",
        "owner": "divnix",
        "repo": "bud",
        "rev": "15df091133ff95216c321b09be04905c0a0944c4",
        "type": "github"
      },
      "original": {
        "owner": "divnix",
        "repo": "bud",
        "type": "github"
      }
    },
    "cachix": {
      "locked": {
        "lastModified": 1635350005,
        "narHash": "sha256-tAMJnUwfaDEB2aa31jGcu7R7bzGELM9noc91L2PbVjg=",
        "owner": "nixos",
        "repo": "nixpkgs",
        "rev": "1c1f5649bb9c1b0d98637c8c365228f57126f361",
        "type": "github"
      },
      "original": {
        "owner": "nixos",
        "ref": "nixos-20.09",
        "repo": "nixpkgs",
        "type": "github"
      }
    },
    "ci-agent": {
      "inputs": {
        "flake-compat": [
          "deploy",
          "flake-compat"
        ],
        "nix-darwin": [
          "darwin"
        ],
        "nixos-20_09": [
          "nixos"
        ],
        "nixos-unstable": [
          "nixos"
        ],
        "pre-commit-hooks-nix": "pre-commit-hooks-nix"
      },
      "locked": {
        "lastModified": 1640356019,
        "narHash": "sha256-Aq3QyhXn3P/53bCcyiz3FMYoBaFth5XYHEWMjezXBdc=",
        "owner": "hercules-ci",
        "repo": "hercules-ci-agent",
        "rev": "b64596e17047774c9a5b081d733e319ecb4a6f02",
        "type": "github"
      },
      "original": {
        "owner": "hercules-ci",
        "repo": "hercules-ci-agent",
        "type": "github"
      }
    },
    "dan-nixpkgs": {
      "inputs": {
        "bud": [
          "bud"
        ],
        "digga": [
          "digga"
        ],
        "latest": [
          "nixos"
        ],
        "nixos": [
          "nixos"
        ],
        "nvfetcher": [
          "nvfetcher"
        ]
      },
      "locked": {
        "lastModified": 1640817672,
        "narHash": "sha256-J9E44mjD/MvxWWDFZNduJcflCXkeHWFMYVyPz1FK2UM=",
        "owner": "danielphan2003",
        "repo": "nixpkgs",
        "rev": "a924981aee4aa4ef8ed45a4d291e6898b98596de",
        "type": "github"
      },
      "original": {
        "owner": "danielphan2003",
        "repo": "nixpkgs",
        "type": "github"
      }
    },
    "darwin": {
      "inputs": {
        "nixpkgs": [
          "nixos"
        ]
      },
      "locked": {
        "lastModified": 1640117230,
        "narHash": "sha256-W7LXeJavyIzNfNaoEsK65sEaCGqE9MVWvK0xSzNR4ls=",
        "owner": "LnL7",
        "repo": "nix-darwin",
        "rev": "5851d9613edf8b2279746c7e5b9faac55ff17e8a",
        "type": "github"
      },
      "original": {
        "owner": "LnL7",
        "repo": "nix-darwin",
        "type": "github"
      }
    },
    "dcompass": {
      "inputs": {
        "nixpkgs": [
          "nixos"
        ],
        "rust-overlay": [
          "rust-overlay"
        ],
        "utils": [
          "digga",
          "flake-utils-plus",
          "flake-utils"
        ]
      },
      "locked": {
        "lastModified": 1637320011,
        "narHash": "sha256-itRbzy5YwqjLHiRkZf4HTEyWPtbb6OBoLfOiUWfAK4M=",
        "owner": "compassd",
        "repo": "dcompass",
        "rev": "79a144e62bcbe60c8ef6eddab7f7a4abee25d0ee",
        "type": "github"
      },
      "original": {
        "owner": "compassd",
        "repo": "dcompass",
        "type": "github"
      }
    },
    "deploy": {
      "inputs": {
        "flake-compat": "flake-compat",
        "nixpkgs": [
          "nixos"
        ],
        "utils": [
          "digga",
          "flake-utils-plus",
          "flake-utils"
        ]
      },
      "locked": {
        "lastModified": 1638665590,
        "narHash": "sha256-nhtfL3z4TizWHemyZvgLvq11FhYX5Ya4ke+t6Np5PKQ=",
        "owner": "serokell",
        "repo": "deploy-rs",
        "rev": "715e92a13018bc1745fb680b5860af0c5641026a",
        "type": "github"
      },
      "original": {
        "owner": "serokell",
        "repo": "deploy-rs",
        "type": "github"
      }
    },
    "devos-ext-lib": {
      "inputs": {
        "nixpkgs": [
          "nixos"
        ]
      },
      "locked": {
        "lastModified": 1640975664,
        "narHash": "sha256-JPtXQUU9oQcxuO5gm8jHvlo0rm16XqcM6NpoFKvLp9k=",
        "owner": "danielphan2003",
        "repo": "devos-ext-lib",
        "rev": "e3ad983607aca06fa5643cd1400ef153ed3e1e86",
        "type": "github"
      },
      "original": {
        "owner": "danielphan2003",
        "ref": "other-extensions",
        "repo": "devos-ext-lib",
        "type": "github"
      }
    },
    "devshell": {
      "locked": {
        "lastModified": 1637575296,
        "narHash": "sha256-ZY8YR5u8aglZPe27+AJMnPTG6645WuavB+w0xmhTarw=",
        "owner": "numtide",
        "repo": "devshell",
        "rev": "0e56ef21ba1a717169953122c7415fa6a8cd2618",
        "type": "github"
      },
      "original": {
        "owner": "numtide",
        "repo": "devshell",
        "type": "github"
      }
    },
    "digga": {
      "inputs": {
        "blank": "blank",
        "deploy": [
          "deploy"
        ],
        "devshell": "devshell",
        "flake-utils-plus": "flake-utils-plus",
        "home-manager": [
          "home"
        ],
        "latest": "latest",
        "nixlib": [
          "nixos"
        ],
        "nixos-generators": "nixos-generators",
        "nixpkgs": [
          "nixos"
        ],
        "treefmt": "treefmt"
      },
      "locked": {
        "lastModified": 1638247203,
        "narHash": "sha256-cUetOlbfKN1z4DF2QXu3pJqpHHCa3Yd5Lp6slnDqNZg=",
        "owner": "divnix",
        "repo": "digga",
        "rev": "727d543fe2c9ff10261e702ffc57680028352fbf",
        "type": "github"
      },
      "original": {
        "owner": "divnix",
        "ref": "cleanup-dar",
        "repo": "digga",
        "type": "github"
      }
    },
    "eww": {
      "inputs": {
        "fenix": [
          "fenix"
        ],
        "flake-compat": [
          "deploy",
          "flake-compat"
        ],
        "flake-utils": [
          "digga",
          "flake-utils-plus",
          "flake-utils"
        ],
        "naersk": [
          "naersk"
        ],
        "nixpkgs": [
          "nixos"
        ]
      },
      "locked": {
        "lastModified": 1639928775,
        "narHash": "sha256-VntDl7JaIfvn3pd+2uDocnXFRkPnQQbRkYDn4XWeC5o=",
        "owner": "elkowar",
        "repo": "eww",
        "rev": "106106ade31e7cc669f2ae53f24191cd0a683c39",
        "type": "github"
      },
      "original": {
        "owner": "elkowar",
        "repo": "eww",
        "type": "github"
      }
    },
    "fenix": {
      "inputs": {
        "nixpkgs": "nixpkgs_3",
        "rust-analyzer-src": "rust-analyzer-src"
      },
      "locked": {
        "lastModified": 1640644357,
        "narHash": "sha256-P3DOh+9f0kqfZVqRCrVAHyyx/vYgLN8GaoHdbRv/BcM=",
        "owner": "nix-community",
        "repo": "fenix",
        "rev": "ac55b49c49b53a60e8eb5761687fa741c7c80265",
        "type": "github"
      },
      "original": {
        "owner": "nix-community",
        "repo": "fenix",
        "type": "github"
      }
    },
    "firefox-nightly": {
      "inputs": {
        "cachix": "cachix",
        "mozilla": "mozilla",
        "nixpkgs": [
          "nixos"
        ]
      },
      "locked": {
        "lastModified": 1640789855,
        "narHash": "sha256-JGjNjvHz9m8nSnc2KWE8JHthKeU5WaSifqscrCdjvy8=",
        "owner": "colemickens",
        "repo": "flake-firefox-nightly",
        "rev": "4d6d7686dbbb9fa68c0581d0a18176c2bfeea574",
        "type": "github"
      },
      "original": {
        "owner": "colemickens",
        "repo": "flake-firefox-nightly",
        "type": "github"
      }
    },
    "flake-compat": {
      "flake": false,
      "locked": {
        "lastModified": 1627913399,
        "narHash": "sha256-hY8g6H2KFL8ownSiFeMOjwPC8P0ueXpCVEbxgda3pko=",
        "owner": "edolstra",
        "repo": "flake-compat",
        "rev": "12c64ca55c1014cdc1b16ed5a804aa8576601ff2",
        "type": "github"
      },
      "original": {
        "owner": "edolstra",
        "repo": "flake-compat",
        "type": "github"
      }
    },
    "flake-utils": {
      "locked": {
        "lastModified": 1638122382,
        "narHash": "sha256-sQzZzAbvKEqN9s0bzWuYmRaA03v40gaJ4+iL1LXjaeI=",
        "owner": "numtide",
        "repo": "flake-utils",
        "rev": "74f7e4319258e287b0f9cb95426c9853b282730b",
        "type": "github"
      },
      "original": {
        "owner": "numtide",
        "repo": "flake-utils",
        "type": "github"
      }
    },
    "flake-utils-plus": {
      "inputs": {
        "flake-utils": "flake-utils"
      },
      "locked": {
        "lastModified": 1638172912,
        "narHash": "sha256-jxhQGNEsZTdop/Br3JPS+xmBf6t9cIWRzVZFxbT76Rw=",
        "owner": "gytis-ivaskevicius",
        "repo": "flake-utils-plus",
        "rev": "166d6ebd9f0de03afc98060ac92cba9c71cfe550",
        "type": "github"
      },
      "original": {
        "owner": "gytis-ivaskevicius",
        "repo": "flake-utils-plus",
        "type": "github"
      }
    },
    "flake-utils_2": {
      "locked": {
        "lastModified": 1610051610,
        "narHash": "sha256-U9rPz/usA1/Aohhk7Cmc2gBrEEKRzcW4nwPWMPwja4Y=",
        "owner": "numtide",
        "repo": "flake-utils",
        "rev": "3982c9903e93927c2164caa727cd3f6a0e6d14cc",
        "type": "github"
      },
      "original": {
        "owner": "numtide",
        "repo": "flake-utils",
        "type": "github"
      }
    },
    "globalRegistry": {
      "flake": false,
      "locked": {
        "lastModified": 1639147349,
        "narHash": "sha256-icyPUCoXcFeASSOdP2zQGGKtWHyt1ZqLDl41OiMQbJ4=",
        "owner": "NixOS",
        "repo": "flake-registry",
        "rev": "142683660d8efac51d97b534a8bdedb5a9af1719",
        "type": "github"
      },
      "original": {
        "owner": "NixOS",
        "repo": "flake-registry",
        "type": "github"
      }
    },
    "gomod2nix": {
      "inputs": {
        "nixpkgs": [
          "nixos"
        ],
        "utils": [
          "digga",
          "flake-utils-plus",
          "flake-utils"
        ]
      },
      "locked": {
        "lastModified": 1639197850,
        "narHash": "sha256-Qknxy+YjVA39v/LwiUNsAcMAg9Df8aYAuqkH+EiAHRA=",
        "owner": "tweag",
        "repo": "gomod2nix",
        "rev": "596d01fd55ed8521853807df1f4e9d858cf75d7e",
        "type": "github"
      },
      "original": {
        "owner": "tweag",
        "repo": "gomod2nix",
        "type": "github"
      }
    },
    "home": {
      "inputs": {
        "nixpkgs": [
          "nixos"
        ]
      },
      "locked": {
        "lastModified": 1639871969,
        "narHash": "sha256-6feWUnMygRzA9tzkrfAzpA5/NBYg75bkFxnqb1DtD7E=",
        "owner": "nix-community",
        "repo": "home-manager",
        "rev": "697cc8c68ed6a606296efbbe9614c32537078756",
        "type": "github"
      },
      "original": {
        "owner": "nix-community",
        "ref": "release-21.11",
        "repo": "home-manager",
        "type": "github"
      }
    },
    "impermanence": {
      "flake": false,
      "locked": {
        "lastModified": 1640808801,
        "narHash": "sha256-iHo8vyuYyhbk5MGfwn/7IahF8dBAwUYTZga4u0UsqPQ=",
        "owner": "nix-community",
        "repo": "impermanence",
        "rev": "29d781b47b0ee6014abd541c132c647d18ab098e",
        "type": "github"
      },
      "original": {
        "owner": "nix-community",
        "repo": "impermanence",
        "type": "github"
      }
    },
    "latest": {
      "locked": {
        "lastModified": 1638198142,
        "narHash": "sha256-plU9b8r4St6q4U7VHtG9V7oF8k9fIpfXl/KDaZLuY9k=",
        "owner": "nixos",
        "repo": "nixpkgs",
        "rev": "8a308775674e178495767df90c419425474582a1",
        "type": "github"
      },
      "original": {
        "owner": "nixos",
        "ref": "nixos-unstable",
        "repo": "nixpkgs",
        "type": "github"
      }
    },
    "latest_2": {
      "locked": {
        "lastModified": 1640540585,
        "narHash": "sha256-cCmknKFjWgam9jq+58wSd0Z4REia8mjBP65kXcL3ki8=",
        "ref": "nixos-unstable",
        "rev": "ac169ec6371f0d835542db654a65e0f2feb07838",
        "revCount": 341453,
        "type": "git",
        "url": "file:///nix/nixpkgs"
      },
      "original": {
        "id": "nixpkgs",
        "ref": "nixos-unstable",
        "type": "indirect"
      }
    },
    "manix": {
      "inputs": {
        "flake-utils": [
          "digga",
          "flake-utils-plus",
          "flake-utils"
        ],
        "nixpkgs": [
          "nixos"
        ]
      },
      "locked": {
        "lastModified": 1627500892,
        "narHash": "sha256-Qxs6p+MyS/0NTbJzLKvZHgKBUE1+z+zaINouG//Uio8=",
        "owner": "kreisys",
        "repo": "manix",
        "rev": "5a69f920f1501f3f7e71a275ab8dbfd4a9f85fb3",
        "type": "github"
      },
      "original": {
        "owner": "kreisys",
        "repo": "manix",
        "type": "github"
      }
    },
    "mozilla": {
      "flake": false,
      "locked": {
        "lastModified": 1638887313,
        "narHash": "sha256-FMYV6rVtvSIfthgC1sK1xugh3y7muoQcvduMdriz4ag=",
        "owner": "mozilla",
        "repo": "nixpkgs-mozilla",
        "rev": "7c1e8b1dd6ed0043fb4ee0b12b815256b0b9de6f",
        "type": "github"
      },
      "original": {
        "owner": "mozilla",
        "repo": "nixpkgs-mozilla",
        "type": "github"
      }
    },
    "naersk": {
      "inputs": {
        "nixpkgs": [
          "nixos"
        ]
      },
      "locked": {
        "lastModified": 1639947939,
        "narHash": "sha256-pGsM8haJadVP80GFq4xhnSpNitYNQpaXk4cnA796Cso=",
        "owner": "nix-community",
        "repo": "naersk",
        "rev": "2fc8ce9d3c025d59fee349c1f80be9785049d653",
        "type": "github"
      },
      "original": {
        "owner": "nix-community",
        "repo": "naersk",
        "type": "github"
      }
    },
    "nix-gaming": {
      "inputs": {
        "nixpkgs": [
          "nixos"
        ],
        "utils": [
          "digga",
          "flake-utils-plus"
        ]
      },
      "locked": {
        "lastModified": 1638710960,
        "narHash": "sha256-C6M/Nt2XMn26RiyMHb37YbKd+RiaiOIyvB1drDv5Ni8=",
        "owner": "fufexan",
        "repo": "nix-gaming",
        "rev": "e6c087d81eed40b5f147fc48cc969c590ede3124",
        "type": "github"
      },
      "original": {
        "owner": "fufexan",
        "repo": "nix-gaming",
        "type": "github"
      }
    },
    "nixlib": {
      "locked": {
        "lastModified": 1636849918,
        "narHash": "sha256-nzUK6dPcTmNVrgTAC1EOybSMsrcx+QrVPyqRdyKLkjA=",
        "owner": "nix-community",
        "repo": "nixpkgs.lib",
        "rev": "28a5b0557f14124608db68d3ee1f77e9329e9dd5",
        "type": "github"
      },
      "original": {
        "owner": "nix-community",
        "repo": "nixpkgs.lib",
        "type": "github"
      }
    },
    "nixos": {
      "locked": {
        "lastModified": 1640796378,
        "narHash": "sha256-7hoHWYtfqYxWNYqXdzZVT0rJg0e7WcuWvsnOs43Ri2Q=",
        "ref": "release-21.11",
        "rev": "04b53f5a1bb4069b02e5f3f91ac220bb8d75be00",
        "revCount": 334919,
        "type": "git",
        "url": "file:///nix/nixpkgs"
      },
      "original": {
        "id": "nixpkgs",
        "ref": "release-21.11",
        "type": "indirect"
      }
    },
    "nixos-generators": {
      "inputs": {
        "nixlib": "nixlib",
        "nixpkgs": "nixpkgs"
      },
      "locked": {
        "lastModified": 1637655461,
        "narHash": "sha256-kXZPbclN3gKwjhp2/RYFDFpAsSBwzX1iLF4EcnHZsPQ=",
        "owner": "nix-community",
        "repo": "nixos-generators",
        "rev": "05a3eb158a9c7746a5d463726d7f7cccf07500e4",
        "type": "github"
      },
      "original": {
        "owner": "nix-community",
        "repo": "nixos-generators",
        "type": "github"
      }
    },
    "nixos-hardware": {
      "locked": {
        "lastModified": 1640686209,
        "narHash": "sha256-6glXUlKRDhEhNuYx6r3fXU6KH2/Vq9mJZjB9oUpwrmc=",
        "owner": "nixos",
        "repo": "nixos-hardware",
        "rev": "46df95ca81e7e4cf3458cdb4b7d1714b5fce9da5",
        "type": "github"
      },
      "original": {
        "owner": "nixos",
        "repo": "nixos-hardware",
        "type": "github"
      }
    },
    "nixpkgs": {
      "locked": {
        "lastModified": 1637186689,
        "narHash": "sha256-NU7BhgnwA/3ibmCeSzFK6xGi+Bari9mPfn+4cBmyEjw=",
        "owner": "NixOS",
        "repo": "nixpkgs",
        "rev": "7fad01d9d5a3f82081c00fb57918d64145dc904c",
        "type": "github"
      },
      "original": {
        "owner": "NixOS",
        "ref": "nixpkgs-unstable",
        "repo": "nixpkgs",
        "type": "github"
      }
    },
    "nixpkgs-wayland": {
      "inputs": {
        "cachix": [
          "nixos"
        ],
        "nixpkgs": [
          "nixos"
        ]
      },
      "locked": {
        "lastModified": 1640387278,
        "narHash": "sha256-8bLZfs9aOHWR12HaUYz+4IC0zPo8SnqntDVN6Bb0XcM=",
        "owner": "nix-community",
        "repo": "nixpkgs-wayland",
        "rev": "1ffd1e219ef9ef8fa70fe4d0ce4b385ef48ba633",
        "type": "github"
      },
      "original": {
        "owner": "nix-community",
        "repo": "nixpkgs-wayland",
        "type": "github"
      }
    },
    "nixpkgs_2": {
      "locked": {
        "lastModified": 1636470166,
        "narHash": "sha256-0tyWSS5rgMtML5p41ZdE5ocuAnRdtOGvdsqQyMUBYAI=",
        "owner": "NixOS",
        "repo": "nixpkgs",
        "rev": "f096b7122ab08e93c8b052c92461ca71b80c0cc8",
        "type": "github"
      },
      "original": {
        "owner": "NixOS",
        "ref": "nixpkgs-unstable",
        "repo": "nixpkgs",
        "type": "github"
      }
    },
    "nixpkgs_3": {
      "locked": {
        "lastModified": 1640408860,
        "narHash": "sha256-h2uF3+a8bVfM8SjcS4hLbsOzOuG3qsxuImC0BucWs1Q=",
        "owner": "nixos",
        "repo": "nixpkgs",
        "rev": "cb372c3b8880e504b06946e8fb2ca9777c685505",
        "type": "github"
      },
      "original": {
        "owner": "nixos",
        "ref": "nixos-unstable",
        "repo": "nixpkgs",
        "type": "github"
      }
    },
    "npmlock2nix": {
      "flake": false,
      "locked": {
        "lastModified": 1640772164,
        "narHash": "sha256-4Y2WRueEWSBsxoYM4EvgGx4hl1ePFaA4od1cLl+1Cb0=",
        "owner": "nix-community",
        "repo": "npmlock2nix",
        "rev": "7417a391e729593b37bb5a75147e4aea7c0a3df9",
        "type": "github"
      },
      "original": {
        "owner": "nix-community",
        "repo": "npmlock2nix",
        "type": "github"
      }
    },
    "nvfetcher": {
      "inputs": {
        "flake-compat": [
          "deploy",
          "flake-compat"
        ],
        "flake-utils": [
          "digga",
          "flake-utils-plus",
          "flake-utils"
        ],
        "nixpkgs": [
          "nixos"
        ]
      },
      "locked": {
        "lastModified": 1640033174,
        "narHash": "sha256-b8w7NgobOYLlFV9j+XGbF+51LpOll0QeatxEGRv7uhg=",
        "owner": "berberman",
        "repo": "nvfetcher",
        "rev": "8bbf1921a36343f9a78c68e2bbc9798ab8f3b768",
        "type": "github"
      },
      "original": {
        "owner": "berberman",
        "repo": "nvfetcher",
        "type": "github"
      }
    },
    "peerix": {
      "inputs": {
        "flake-compat": [
          "deploy",
          "flake-compat"
        ],
        "flake-utils": [
          "digga",
          "flake-utils-plus",
          "flake-utils"
        ],
        "nixpkgs": [
          "nixos"
        ]
      },
      "locked": {
        "lastModified": 1637002926,
        "narHash": "sha256-Iix+XcgkspoV+iVC4wvbX6jZhoThC8dn0RSNUc+Z448=",
        "owner": "cid-chan",
        "repo": "peerix",
        "rev": "4ada6bfb74ab46740adce091271e3bd7c8ade827",
        "type": "github"
      },
      "original": {
        "owner": "cid-chan",
        "repo": "peerix",
        "type": "github"
      }
    },
    "poetry2nix": {
      "inputs": {
        "flake-utils": [
          "digga",
          "flake-utils-plus",
          "flake-utils"
        ],
        "nixpkgs": [
          "nixos"
        ]
      },
      "locked": {
        "lastModified": 1640665586,
        "narHash": "sha256-eT72CIHtwWoyQR7jhYhQ1V0Ho4tbPB8av8I+Rrb2gN0=",
        "owner": "nix-community",
        "repo": "poetry2nix",
        "rev": "4a13d29ad291065efd4430b03cd1aaf851def2ff",
        "type": "github"
      },
      "original": {
        "owner": "nix-community",
        "repo": "poetry2nix",
        "type": "github"
      }
    },
    "pre-commit-hooks-nix": {
      "flake": false,
      "locked": {
        "lastModified": 1622650193,
        "narHash": "sha256-qSzUpJDv04ajS9FXoCq6NjVF3qOt9IiGIiGh0P8amyw=",
        "owner": "cachix",
        "repo": "pre-commit-hooks.nix",
        "rev": "0398f0649e0a741660ac5e8216760bae5cc78579",
        "type": "github"
      },
      "original": {
        "owner": "cachix",
        "repo": "pre-commit-hooks.nix",
        "type": "github"
      }
    },
    "qnr": {
      "inputs": {
        "globalRegistry": "globalRegistry"
      },
      "locked": {
        "lastModified": 1627589359,
        "narHash": "sha256-h0UhOgGtHwEcb2looQXIFPNmRwiFtXo4bEuBboPJzJo=",
        "owner": "divnix",
        "repo": "quick-nix-registry",
        "rev": "9f1beb3e4de2e538b14ed8ddc71b706fd33b08dd",
        "type": "github"
      },
      "original": {
        "owner": "divnix",
        "repo": "quick-nix-registry",
        "type": "github"
      }
    },
    "rnix-lsp": {
      "inputs": {
        "naersk": [
          "naersk"
        ],
        "nixpkgs": [
          "nixos"
        ],
        "utils": [
          "digga",
          "flake-utils-plus",
          "flake-utils"
        ]
      },
      "locked": {
        "lastModified": 1640347520,
        "narHash": "sha256-UkieGBW9ap0pQbumYoG60Ed+BpzMRGuLQ6Zb41u7Fkk=",
        "owner": "nix-community",
        "repo": "rnix-lsp",
        "rev": "d7cc2887ac9e65dd01715aac472edbf46b93ed31",
        "type": "github"
      },
      "original": {
        "owner": "nix-community",
        "repo": "rnix-lsp",
        "type": "github"
      }
    },
    "root": {
      "inputs": {
        "agenix": "agenix",
        "beautysh": "beautysh",
        "bud": "bud",
        "ci-agent": "ci-agent",
        "dan-nixpkgs": "dan-nixpkgs",
        "darwin": "darwin",
        "dcompass": "dcompass",
        "deploy": "deploy",
        "devos-ext-lib": "devos-ext-lib",
        "digga": "digga",
        "eww": "eww",
        "fenix": "fenix",
        "firefox-nightly": "firefox-nightly",
        "gomod2nix": "gomod2nix",
        "home": "home",
        "impermanence": "impermanence",
        "latest": "latest_2",
        "manix": "manix",
        "naersk": "naersk",
        "nix-gaming": "nix-gaming",
        "nixos": "nixos",
        "nixos-hardware": "nixos-hardware",
        "nixpkgs-wayland": "nixpkgs-wayland",
        "npmlock2nix": "npmlock2nix",
        "nvfetcher": "nvfetcher",
        "peerix": "peerix",
        "poetry2nix": "poetry2nix",
        "qnr": "qnr",
        "rnix-lsp": "rnix-lsp",
        "rust-overlay": "rust-overlay"
      }
    },
    "rust-analyzer-src": {
      "flake": false,
      "locked": {
        "lastModified": 1640459636,
        "narHash": "sha256-lvHBAWuCd+7cYq6AwThqD6uMRqsKoGJFPKUqeyn3UEU=",
        "owner": "rust-analyzer",
        "repo": "rust-analyzer",
        "rev": "c456b217d808058d2515dd909bc4f68206de340e",
        "type": "github"
      },
      "original": {
        "owner": "rust-analyzer",
        "ref": "nightly",
        "repo": "rust-analyzer",
        "type": "github"
      }
    },
    "rust-overlay": {
      "inputs": {
        "flake-utils": [
          "digga",
          "flake-utils-plus",
          "flake-utils"
        ],
        "nixpkgs": [
          "nixos"
        ]
      },
      "locked": {
        "lastModified": 1640745503,
        "narHash": "sha256-wNaKhTzs43eAyarghmoHGlRQLKoAthrAx0zQsfTLM8I=",
        "owner": "oxalica",
        "repo": "rust-overlay",
        "rev": "a6b51f6ef121bf3b22851c0cb447a40be78601b5",
        "type": "github"
      },
      "original": {
        "owner": "oxalica",
        "repo": "rust-overlay",
        "type": "github"
      }
    },
    "treefmt": {
      "inputs": {
        "flake-utils": "flake-utils_2",
        "nixpkgs": "nixpkgs_2"
      },
      "locked": {
        "lastModified": 1637945350,
        "narHash": "sha256-77S309rtBA/xQp/2PgGYOjWsiRw1qYu8ayKQU9AWPLQ=",
        "owner": "numtide",
        "repo": "treefmt",
        "rev": "d9863a6bcd6a7320bff25b01f8b1bd67290f446a",
        "type": "github"
      },
      "original": {
        "owner": "numtide",
        "repo": "treefmt",
        "type": "github"
      }
    }
  },
  "root": "root",
  "version": 7
}
