{
  "nodes": {
    "agenix": {
      "inputs": {
        "agenix": "agenix_2",
        "flake-utils": [
          "digga",
          "flake-utils-plus",
          "flake-utils"
        ],
        "nixpkgs": [
          "latest"
        ],
        "rust-overlay": [
          "rust-overlay"
        ]
      },
      "locked": {
        "lastModified": 1648372273,
        "narHash": "sha256-HsKulkMWJsjuqA6XCi16H5pay0CisYSb3vIng5twF7E=",
        "owner": "yaxitech",
        "repo": "ragenix",
        "rev": "28ff181b6df9732d69bd76def18a25f2a956d7bf",
        "type": "github"
      },
      "original": {
        "owner": "yaxitech",
        "repo": "ragenix",
        "type": "github"
      }
    },
    "agenix_2": {
      "inputs": {
        "nixpkgs": "nixpkgs"
      },
      "locked": {
        "lastModified": 1646845404,
        "narHash": "sha256-JENXFCI2HVqi0whBzt7MAW9PX3ziEaYqBhMux+4g+VM=",
        "owner": "ryantm",
        "repo": "agenix",
        "rev": "764c975e74bce2f89a5106b68ec48e2b586f893c",
        "type": "github"
      },
      "original": {
        "owner": "ryantm",
        "repo": "agenix",
        "type": "github"
      }
    },
    "argonone-utils": {
      "locked": {
        "lastModified": 1641826409,
        "narHash": "sha256-BGCVW2dMxjR+cUxr/EuWjbrbBz0hvIrxE3H3pkX4gi0=",
        "owner": "danielphan2003",
        "repo": "argonone-utils",
        "rev": "156c80b50f94967098639cd01126ee4e762396aa",
        "type": "github"
      },
      "original": {
        "owner": "danielphan2003",
        "ref": "flake-nixosModules",
        "repo": "argonone-utils",
        "type": "github"
      }
    },
    "beautysh": {
      "inputs": {
        "nixpkgs": [
          "nixos"
        ],
        "poetry2nix": [
          "poetry2nix"
        ],
        "utils": "utils"
      },
      "locked": {
        "lastModified": 1648772896,
        "narHash": "sha256-fpgJlDTe48pohW9RZzST+tq2rYsKGrBQGnFPp7OslA4=",
        "owner": "lovesegfault",
        "repo": "beautysh",
        "rev": "c895a37126bf27ceabdc49ec3cd6d55822c8956e",
        "type": "github"
      },
      "original": {
        "owner": "lovesegfault",
        "repo": "beautysh",
        "type": "github"
      }
    },
    "blank": {
      "locked": {
        "lastModified": 1625557891,
        "narHash": "sha256-O8/MWsPBGhhyPoPLHZAuoZiiHo9q6FLlEeIDEXuj6T4=",
        "owner": "divnix",
        "repo": "blank",
        "rev": "5a5d2684073d9f563072ed07c871d577a6c614a8",
        "type": "github"
      },
      "original": {
        "owner": "divnix",
        "repo": "blank",
        "type": "github"
      }
    },
    "blobs": {
      "flake": false,
      "locked": {
        "lastModified": 1604995301,
        "narHash": "sha256-wcLzgLec6SGJA8fx1OEN1yV/Py5b+U5iyYpksUY/yLw=",
        "owner": "simple-nixos-mailserver",
        "repo": "blobs",
        "rev": "2cccdf1ca48316f2cfd1c9a0017e8de5a7156265",
        "type": "gitlab"
      },
      "original": {
        "owner": "simple-nixos-mailserver",
        "repo": "blobs",
        "type": "gitlab"
      }
    },
    "blobs_2": {
      "flake": false,
      "locked": {
        "lastModified": 1604995301,
        "narHash": "sha256-wcLzgLec6SGJA8fx1OEN1yV/Py5b+U5iyYpksUY/yLw=",
        "owner": "simple-nixos-mailserver",
        "repo": "blobs",
        "rev": "2cccdf1ca48316f2cfd1c9a0017e8de5a7156265",
        "type": "gitlab"
      },
      "original": {
        "owner": "simple-nixos-mailserver",
        "repo": "blobs",
        "type": "gitlab"
      }
    },
    "bud": {
      "inputs": {
        "beautysh": [
          "beautysh"
        ],
        "devshell": [
          "digga",
          "devshell"
        ],
        "nixpkgs": [
          "nixos"
        ]
      },
      "locked": {
        "lastModified": 1642035816,
        "narHash": "sha256-1Lq5c1AeUv/1SK08+O704JVfDdD/zodHzA0cv0TIga8=",
        "owner": "divnix",
        "repo": "bud",
        "rev": "a789d710851441ba7e7cd59be378623b1fe05688",
        "type": "github"
      },
      "original": {
        "owner": "divnix",
        "repo": "bud",
        "type": "github"
      }
    },
    "cachix": {
      "locked": {
        "lastModified": 1635350005,
        "narHash": "sha256-tAMJnUwfaDEB2aa31jGcu7R7bzGELM9noc91L2PbVjg=",
        "owner": "nixos",
        "repo": "nixpkgs",
        "rev": "1c1f5649bb9c1b0d98637c8c365228f57126f361",
        "type": "github"
      },
      "original": {
        "owner": "nixos",
        "ref": "nixos-20.09",
        "repo": "nixpkgs",
        "type": "github"
      }
    },
    "dan-nixpkgs": {
      "inputs": {
        "bud": [
          "bud"
        ],
        "digga": [
          "digga"
        ],
        "latest": [
          "nixos"
        ],
        "nixos": [
          "nixos"
        ],
        "nvfetcher": [
          "nvfetcher"
        ]
      },
      "locked": {
        "lastModified": 1649222642,
        "narHash": "sha256-iR0EgT7D8x5khRen7JI/bH048IALtWtA1nyoyEANkcA=",
        "owner": "danielphan2003",
        "repo": "nixpkgs",
        "rev": "b73bca3fac1af6a82176714f414e24fd5b4dee12",
        "type": "github"
      },
      "original": {
        "owner": "danielphan2003",
        "repo": "nixpkgs",
        "type": "github"
      }
    },
    "darwin": {
      "inputs": {
        "nixpkgs": [
          "nixos"
        ]
      },
      "locked": {
        "lastModified": 1648278671,
        "narHash": "sha256-1WrR9ex+rKTjZtODNUZQhkWYUprtfOkjOyo9YWL2NMs=",
        "owner": "LnL7",
        "repo": "nix-darwin",
        "rev": "4fdbb8168f61d31d3f90bb0d07f48de709c4fe79",
        "type": "github"
      },
      "original": {
        "owner": "LnL7",
        "repo": "nix-darwin",
        "type": "github"
      }
    },
    "dcompass": {
      "inputs": {
        "nixpkgs": [
          "nixos"
        ],
        "rust-overlay": [
          "rust-overlay"
        ],
        "utils": [
          "digga",
          "flake-utils-plus",
          "flake-utils"
        ]
      },
      "locked": {
        "lastModified": 1647326656,
        "narHash": "sha256-aB1giM1muOQFfPgefVq5nxqLUN+T3vZXrOGXqZRBgcQ=",
        "owner": "compassd",
        "repo": "dcompass",
        "rev": "f04821fe3517ca5afdeee01f417b80fbe3921072",
        "type": "github"
      },
      "original": {
        "owner": "compassd",
        "repo": "dcompass",
        "type": "github"
      }
    },
    "deploy": {
      "inputs": {
        "flake-compat": "flake-compat",
        "nixpkgs": [
          "nixos"
        ],
        "utils": [
          "digga",
          "flake-utils-plus",
          "flake-utils"
        ]
      },
      "locked": {
        "lastModified": 1648475189,
        "narHash": "sha256-gAGAS6IagwoUr1B0ohE3iR6sZ8hP4LSqzYLC8Mq3WGU=",
        "owner": "serokell",
        "repo": "deploy-rs",
        "rev": "83e0c78291cd08cb827ba0d553ad9158ae5a95c3",
        "type": "github"
      },
      "original": {
        "owner": "serokell",
        "repo": "deploy-rs",
        "type": "github"
      }
    },
    "devos-ext-lib": {
      "inputs": {
        "nixpkgs": [
          "nixos"
        ]
      },
      "locked": {
        "lastModified": 1641830456,
        "narHash": "sha256-wCngg17VzIK/PFo9A+Y84lePEM+iwBcjcHUtugRdyZc=",
        "owner": "danielphan2003",
        "repo": "devos-ext-lib",
        "rev": "510400e813c2d8fe5dff4a107140d5985d5b3ac6",
        "type": "github"
      },
      "original": {
        "owner": "danielphan2003",
        "ref": "other-extensions",
        "repo": "devos-ext-lib",
        "type": "github"
      }
    },
    "devshell": {
      "locked": {
        "lastModified": 1637575296,
        "narHash": "sha256-ZY8YR5u8aglZPe27+AJMnPTG6645WuavB+w0xmhTarw=",
        "owner": "numtide",
        "repo": "devshell",
        "rev": "0e56ef21ba1a717169953122c7415fa6a8cd2618",
        "type": "github"
      },
      "original": {
        "owner": "numtide",
        "repo": "devshell",
        "type": "github"
      }
    },
    "digga": {
      "inputs": {
        "blank": "blank",
        "deploy": [
          "deploy"
        ],
        "devshell": "devshell",
        "flake-compat": "flake-compat_2",
        "flake-utils-plus": "flake-utils-plus",
        "home-manager": [
          "home"
        ],
        "latest": [
          "latest"
        ],
        "nixlib": [
          "nixlib"
        ],
        "nixpkgs": [
          "nixos"
        ]
      },
      "locked": {
        "lastModified": 1648937792,
        "narHash": "sha256-KoR/L4tYoFaoIo4knVuaqjzLn6yAvQmO8e5YcfUsxY4=",
        "owner": "divnix",
        "repo": "digga",
        "rev": "afa1c70e0c48395058112adf795c4999ac88eccf",
        "type": "github"
      },
      "original": {
        "owner": "divnix",
        "repo": "digga",
        "type": "github"
      }
    },
    "fenix": {
      "inputs": {
        "nixpkgs": "nixpkgs_2",
        "rust-analyzer-src": "rust-analyzer-src"
      },
      "locked": {
        "lastModified": 1649053613,
        "narHash": "sha256-GD2qcrOtwihvGzT/2ShFeKGfpTCYEzxTm3JeEVn/OBc=",
        "owner": "nix-community",
        "repo": "fenix",
        "rev": "a772c7c4f8bcf45fb1767df2bf13a66f8ff81841",
        "type": "github"
      },
      "original": {
        "owner": "nix-community",
        "repo": "fenix",
        "type": "github"
      }
    },
    "firefox-nightly": {
      "inputs": {
        "cachix": "cachix",
        "mozilla": "mozilla",
        "nixpkgs": [
          "nixos"
        ]
      },
      "locked": {
        "lastModified": 1648780916,
        "narHash": "sha256-EdWx5MSzRiwfJdcjJzUsY3fk9UGCzsdzb0CCSdduLPY=",
        "owner": "colemickens",
        "repo": "flake-firefox-nightly",
        "rev": "7ec24d0340f8be42f1f4a737b0f60fab1489dd4d",
        "type": "github"
      },
      "original": {
        "owner": "colemickens",
        "repo": "flake-firefox-nightly",
        "type": "github"
      }
    },
    "flake-compat": {
      "flake": false,
      "locked": {
        "lastModified": 1648199409,
        "narHash": "sha256-JwPKdC2PoVBkG6E+eWw3j6BMR6sL3COpYWfif7RVb8Y=",
        "owner": "edolstra",
        "repo": "flake-compat",
        "rev": "64a525ee38886ab9028e6f61790de0832aa3ef03",
        "type": "github"
      },
      "original": {
        "owner": "edolstra",
        "repo": "flake-compat",
        "type": "github"
      }
    },
    "flake-compat_2": {
      "flake": false,
      "locked": {
        "lastModified": 1641205782,
        "narHash": "sha256-4jY7RCWUoZ9cKD8co0/4tFARpWB+57+r1bLLvXNJliY=",
        "owner": "edolstra",
        "repo": "flake-compat",
        "rev": "b7547d3eed6f32d06102ead8991ec52ab0a4f1a7",
        "type": "github"
      },
      "original": {
        "owner": "edolstra",
        "repo": "flake-compat",
        "type": "github"
      }
    },
    "flake-compat_3": {
      "flake": false,
      "locked": {
        "lastModified": 1648199409,
        "narHash": "sha256-JwPKdC2PoVBkG6E+eWw3j6BMR6sL3COpYWfif7RVb8Y=",
        "owner": "edolstra",
        "repo": "flake-compat",
        "rev": "64a525ee38886ab9028e6f61790de0832aa3ef03",
        "type": "github"
      },
      "original": {
        "owner": "edolstra",
        "repo": "flake-compat",
        "type": "github"
      }
    },
    "flake-compat_4": {
      "flake": false,
      "locked": {
        "lastModified": 1627913399,
        "narHash": "sha256-hY8g6H2KFL8ownSiFeMOjwPC8P0ueXpCVEbxgda3pko=",
        "owner": "edolstra",
        "repo": "flake-compat",
        "rev": "12c64ca55c1014cdc1b16ed5a804aa8576601ff2",
        "type": "github"
      },
      "original": {
        "owner": "edolstra",
        "repo": "flake-compat",
        "type": "github"
      }
    },
    "flake-compat_5": {
      "flake": false,
      "locked": {
        "lastModified": 1627913399,
        "narHash": "sha256-hY8g6H2KFL8ownSiFeMOjwPC8P0ueXpCVEbxgda3pko=",
        "owner": "edolstra",
        "repo": "flake-compat",
        "rev": "12c64ca55c1014cdc1b16ed5a804aa8576601ff2",
        "type": "github"
      },
      "original": {
        "owner": "edolstra",
        "repo": "flake-compat",
        "type": "github"
      }
    },
    "flake-utils": {
      "locked": {
        "lastModified": 1638122382,
        "narHash": "sha256-sQzZzAbvKEqN9s0bzWuYmRaA03v40gaJ4+iL1LXjaeI=",
        "owner": "numtide",
        "repo": "flake-utils",
        "rev": "74f7e4319258e287b0f9cb95426c9853b282730b",
        "type": "github"
      },
      "original": {
        "owner": "numtide",
        "repo": "flake-utils",
        "type": "github"
      }
    },
    "flake-utils-plus": {
      "inputs": {
        "flake-utils": "flake-utils"
      },
      "locked": {
        "lastModified": 1639385028,
        "narHash": "sha256-oqorKz3mwf7UuDJwlbCEYCB2LfcWLL0DkeCWhRIL820=",
        "owner": "gytis-ivaskevicius",
        "repo": "flake-utils-plus",
        "rev": "be1be083af014720c14f3b574f57b6173b4915d0",
        "type": "github"
      },
      "original": {
        "owner": "gytis-ivaskevicius",
        "repo": "flake-utils-plus",
        "type": "github"
      }
    },
    "globalRegistry": {
      "flake": false,
      "locked": {
        "lastModified": 1648849369,
        "narHash": "sha256-Saaa/mb/a7LTrQBuAQW3S7RXcR5Kaq189KrztQPMyO8=",
        "owner": "NixOS",
        "repo": "flake-registry",
        "rev": "8cd480620890e86626ccb399877ad71ea627ea7d",
        "type": "github"
      },
      "original": {
        "owner": "NixOS",
        "repo": "flake-registry",
        "type": "github"
      }
    },
    "gomod2nix": {
      "inputs": {
        "nixpkgs": [
          "nixos"
        ],
        "utils": [
          "digga",
          "flake-utils-plus",
          "flake-utils"
        ]
      },
      "locked": {
        "lastModified": 1641803356,
        "narHash": "sha256-ZjF43cckJLJCV9I+SXwTGNQGI52KrYwUhLt/R83TyKk=",
        "owner": "tweag",
        "repo": "gomod2nix",
        "rev": "fc5adcc53031c5a3934500a57896a840a2bd073d",
        "type": "github"
      },
      "original": {
        "owner": "tweag",
        "repo": "gomod2nix",
        "type": "github"
      }
    },
    "home": {
      "inputs": {
        "nixpkgs": [
          "nixlib"
        ]
      },
      "locked": {
        "lastModified": 1648834319,
        "narHash": "sha256-i5Aj4Aw64D/A0X6XW5LxSS4XBnYj7gMz+kN4dpsbdk8=",
        "owner": "nix-community",
        "repo": "home-manager",
        "rev": "0bdbdea2e26c984b096f4f7d10e3c88536a980b0",
        "type": "github"
      },
      "original": {
        "owner": "nix-community",
        "ref": "release-21.11",
        "repo": "home-manager",
        "type": "github"
      }
    },
    "impermanence": {
      "locked": {
        "lastModified": 1646131459,
        "narHash": "sha256-GPmgxvUFvQ1GmsGfWHy9+rcxWrczeDhS9XnAIPHi9XQ=",
        "owner": "nix-community",
        "repo": "impermanence",
        "rev": "2f39baeb7d039fda5fc8225111bb79474138e6f4",
        "type": "github"
      },
      "original": {
        "owner": "nix-community",
        "repo": "impermanence",
        "type": "github"
      }
    },
    "latest": {
      "locked": {
        "lastModified": 1648632716,
        "narHash": "sha256-kCmnDeiaMsdhfnNKjxdOzwRh2H6eQb8yWAL+nNabC/Y=",
        "ref": "nixos-unstable",
        "rev": "710fed5a2483f945b14f4a58af2cd3676b42d8c8",
        "revCount": 365028,
        "type": "git",
        "url": "file:///nix/nixpkgs"
      },
      "original": {
        "id": "nixpkgs",
        "ref": "nixos-unstable",
        "type": "indirect"
      }
    },
    "manix": {
      "inputs": {
        "flake-utils": [
          "digga",
          "flake-utils-plus",
          "flake-utils"
        ],
        "nixpkgs": [
          "nixos"
        ]
      },
      "locked": {
        "lastModified": 1627500892,
        "narHash": "sha256-Qxs6p+MyS/0NTbJzLKvZHgKBUE1+z+zaINouG//Uio8=",
        "owner": "kreisys",
        "repo": "manix",
        "rev": "5a69f920f1501f3f7e71a275ab8dbfd4a9f85fb3",
        "type": "github"
      },
      "original": {
        "owner": "kreisys",
        "repo": "manix",
        "type": "github"
      }
    },
    "matrix-appservices": {
      "locked": {
        "lastModified": 1640393157,
        "narHash": "sha256-UfaUu7zjVwV/u4d7tTb3MNJG+VgcDSx/cy0LQh3tAVU=",
        "owner": "Pacman99",
        "repo": "nixpkgs",
        "rev": "b5176b5d4bf4a6f02b3fdf63e07219620616b2f8",
        "type": "github"
      },
      "original": {
        "owner": "Pacman99",
        "ref": "matrix-appservices",
        "repo": "nixpkgs",
        "type": "github"
      }
    },
    "mozilla": {
      "flake": false,
      "locked": {
        "lastModified": 1645464064,
        "narHash": "sha256-YeN4bpPvHkVOpQzb8APTAfE7/R+MFMwJUMkqmfvytSk=",
        "owner": "mozilla",
        "repo": "nixpkgs-mozilla",
        "rev": "15b7a05f20aab51c4ffbefddb1b448e862dccb7d",
        "type": "github"
      },
      "original": {
        "owner": "mozilla",
        "repo": "nixpkgs-mozilla",
        "type": "github"
      }
    },
    "naersk": {
      "inputs": {
        "nixpkgs": [
          "nixos"
        ]
      },
      "locked": {
        "lastModified": 1648544490,
        "narHash": "sha256-EoBDcccV70tfz2LAs5lK0BjC7en5mzUVlgLsd5E6DW4=",
        "owner": "nix-community",
        "repo": "naersk",
        "rev": "e30ef9a5ce9b3de8bb438f15829c50f9525ca730",
        "type": "github"
      },
      "original": {
        "owner": "nix-community",
        "repo": "naersk",
        "type": "github"
      }
    },
    "nix-gaming": {
      "inputs": {
        "nixpkgs": [
          "nixos"
        ]
      },
      "locked": {
        "lastModified": 1648040419,
        "narHash": "sha256-tq+6VYs7HAKocKzDZqHfmxqXe+tUiPs5gylfhDVgBrI=",
        "owner": "fufexan",
        "repo": "nix-gaming",
        "rev": "0552752da722aca36e40ef664e9c4a0928756e4e",
        "type": "github"
      },
      "original": {
        "owner": "fufexan",
        "repo": "nix-gaming",
        "type": "github"
      }
    },
    "nixlib": {
      "locked": {
        "lastModified": 1648946675,
        "narHash": "sha256-ibAfLJJ0WvKjObaFG+QzZHnm42MQtjl2zciPZiLeVjs=",
        "owner": "nix-community",
        "repo": "nixpkgs.lib",
        "rev": "58c55a3dbff82bdd04d50e3e58120503bc6d7d14",
        "type": "github"
      },
      "original": {
        "owner": "nix-community",
        "repo": "nixpkgs.lib",
        "type": "github"
      }
    },
    "nixos": {
      "locked": {
        "lastModified": 1648965846,
        "narHash": "sha256-xaO0KS+sgZLYrhaQNjVe6eRcOUIM1mEkAjT+dRbPblU=",
        "ref": "nixos-21.11",
        "rev": "0aac710801aec4ba545527cf41a5706028fe6271",
        "revCount": 336811,
        "type": "git",
        "url": "file:///nix/nixpkgs"
      },
      "original": {
        "id": "nixpkgs",
        "ref": "nixos-21.11",
        "type": "indirect"
      }
    },
    "nixos-hardware": {
      "locked": {
        "lastModified": 1648141026,
        "narHash": "sha256-h8e3+5EZFbYHTMb0DN2ACuQTJBNHpqigvmEV1w2WIuE=",
        "owner": "nixos",
        "repo": "nixos-hardware",
        "rev": "feceb4d24f582817d8f6e737cd40af9e162dee05",
        "type": "github"
      },
      "original": {
        "owner": "nixos",
        "repo": "nixos-hardware",
        "type": "github"
      }
    },
    "nixos-mailserver": {
      "inputs": {
        "blobs": "blobs",
        "nixpkgs": [
          "latest"
        ],
        "nixpkgs-21_05": "nixpkgs-21_05",
        "nixpkgs-21_11": [
          "nixos"
        ],
        "utils": [
          "digga",
          "flake-utils-plus",
          "flake-utils"
        ]
      },
      "locked": {
        "lastModified": 1638911354,
        "narHash": "sha256-hNhzLOp+dApEY15vwLAQZu+sjEQbJcOXCaSfAT6lpsQ=",
        "owner": "simple-nixos-mailserver",
        "repo": "nixos-mailserver",
        "rev": "6e3a7b2ea6f0d68b82027b988aa25d3423787303",
        "type": "gitlab"
      },
      "original": {
        "owner": "simple-nixos-mailserver",
        "ref": "nixos-21.11",
        "repo": "nixos-mailserver",
        "type": "gitlab"
      }
    },
    "nixos-mailserver-latest": {
      "inputs": {
        "blobs": "blobs_2",
        "nixpkgs": [
          "latest"
        ],
        "utils": [
          "digga",
          "flake-utils-plus",
          "flake-utils"
        ]
      },
      "locked": {
        "lastModified": 1646481600,
        "narHash": "sha256-TBJu0BjWpp9737sqC5E4Iz48t3AatDUcBtXKuVJEQVg=",
        "owner": "simple-nixos-mailserver",
        "repo": "nixos-mailserver",
        "rev": "75728d2686dec5ef2a73cdf80174311587413392",
        "type": "gitlab"
      },
      "original": {
        "owner": "simple-nixos-mailserver",
        "repo": "nixos-mailserver",
        "type": "gitlab"
      }
    },
    "nixpkgs": {
      "locked": {
        "lastModified": 1649024309,
        "narHash": "sha256-AWbvj/NHZXVwAnHaVOFlxg7tcNerEKrKBmgGfztSHWM=",
        "owner": "nixos",
        "repo": "nixpkgs",
        "rev": "af0a9bc0e5341855518e9c1734d7ef913e5138b9",
        "type": "github"
      },
      "original": {
        "owner": "nixos",
        "ref": "nixos-21.11",
        "repo": "nixpkgs",
        "type": "github"
      }
    },
    "nixpkgs-21_05": {
      "locked": {
        "lastModified": 1625692408,
        "narHash": "sha256-e9L3TLLDVIJpMnHtiNHJE62oOh6emRtSZ244bgYJUZs=",
        "owner": "NixOS",
        "repo": "nixpkgs",
        "rev": "c06613c25df3fe1dd26243847a3c105cf6770627",
        "type": "github"
      },
      "original": {
        "id": "nixpkgs",
        "ref": "nixos-21.05",
        "type": "indirect"
      }
    },
    "nixpkgs-wayland": {
      "inputs": {
        "cachix": [
          "nixos"
        ],
        "flake-compat": "flake-compat_3",
        "nixpkgs": [
          "nixos"
        ]
      },
      "locked": {
        "lastModified": 1649072071,
        "narHash": "sha256-1dJ2niFwFB4IXgIzUbRwa7BNHBfmkSp9XJz63g8ynKc=",
        "owner": "nix-community",
        "repo": "nixpkgs-wayland",
        "rev": "da7ce9e34a41cc551590e10ad65aab020dcdc81e",
        "type": "github"
      },
      "original": {
        "owner": "nix-community",
        "repo": "nixpkgs-wayland",
        "type": "github"
      }
    },
    "nixpkgs_2": {
      "locked": {
        "lastModified": 1648632716,
        "narHash": "sha256-kCmnDeiaMsdhfnNKjxdOzwRh2H6eQb8yWAL+nNabC/Y=",
        "owner": "nixos",
        "repo": "nixpkgs",
        "rev": "710fed5a2483f945b14f4a58af2cd3676b42d8c8",
        "type": "github"
      },
      "original": {
        "owner": "nixos",
        "ref": "nixos-unstable",
        "repo": "nixpkgs",
        "type": "github"
      }
    },
    "npmlock2nix": {
      "flake": false,
      "locked": {
        "lastModified": 1648735462,
        "narHash": "sha256-G22WBttdFoWp7E/YvGfePOc+W+ZsQGw+IwpFbAwJNeI=",
        "owner": "nix-community",
        "repo": "npmlock2nix",
        "rev": "dd2897c3a6e404446704a63f40b9a29fa0acf752",
        "type": "github"
      },
      "original": {
        "owner": "nix-community",
        "repo": "npmlock2nix",
        "type": "github"
      }
    },
    "nvfetcher": {
      "inputs": {
        "flake-compat": "flake-compat_4",
        "flake-utils": [
          "digga",
          "flake-utils-plus",
          "flake-utils"
        ],
        "nixpkgs": [
          "nixos"
        ]
      },
      "locked": {
        "lastModified": 1648145722,
        "narHash": "sha256-iC04ukXdms4XnvKh/o1LoYXDiAURD6y0vae8V6ovQfw=",
        "owner": "berberman",
        "repo": "nvfetcher",
        "rev": "daea67a8b6ec8aa89eb3a474c3d9e9ce2b2cc6f1",
        "type": "github"
      },
      "original": {
        "owner": "berberman",
        "repo": "nvfetcher",
        "type": "github"
      }
    },
    "peerix": {
      "inputs": {
        "flake-compat": "flake-compat_5",
        "flake-utils": [
          "digga",
          "flake-utils-plus",
          "flake-utils"
        ],
        "nixpkgs": [
          "nixos"
        ]
      },
      "locked": {
        "lastModified": 1637002926,
        "narHash": "sha256-Iix+XcgkspoV+iVC4wvbX6jZhoThC8dn0RSNUc+Z448=",
        "owner": "cid-chan",
        "repo": "peerix",
        "rev": "4ada6bfb74ab46740adce091271e3bd7c8ade827",
        "type": "github"
      },
      "original": {
        "owner": "cid-chan",
        "repo": "peerix",
        "type": "github"
      }
    },
    "poetry2nix": {
      "inputs": {
        "flake-utils": [
          "digga",
          "flake-utils-plus",
          "flake-utils"
        ],
        "nixpkgs": [
          "nixos"
        ]
      },
      "locked": {
        "lastModified": 1648808959,
        "narHash": "sha256-1KZuZ0yJ4j1cWvOvnyyy36xCTcG9+sNe2FDHOHnErQM=",
        "owner": "nix-community",
        "repo": "poetry2nix",
        "rev": "99c79568352799af09edaeefc858d337e6d9c56f",
        "type": "github"
      },
      "original": {
        "owner": "nix-community",
        "repo": "poetry2nix",
        "type": "github"
      }
    },
    "qnr": {
      "inputs": {
        "globalRegistry": "globalRegistry"
      },
      "locked": {
        "lastModified": 1627589359,
        "narHash": "sha256-h0UhOgGtHwEcb2looQXIFPNmRwiFtXo4bEuBboPJzJo=",
        "owner": "divnix",
        "repo": "quick-nix-registry",
        "rev": "9f1beb3e4de2e538b14ed8ddc71b706fd33b08dd",
        "type": "github"
      },
      "original": {
        "owner": "divnix",
        "repo": "quick-nix-registry",
        "type": "github"
      }
    },
    "rnix-lsp": {
      "inputs": {
        "naersk": [
          "naersk"
        ],
        "nixpkgs": [
          "nixos"
        ],
        "utils": [
          "digga",
          "flake-utils-plus",
          "flake-utils"
        ]
      },
      "locked": {
        "lastModified": 1647240246,
        "narHash": "sha256-/MLdBWfFUN1C1eNVBYfaVAIcDiZKXpWEbzBC2pqVXj0=",
        "owner": "nix-community",
        "repo": "rnix-lsp",
        "rev": "4d1024ccfe1bc569811769d1ef52a2fc6c1d482d",
        "type": "github"
      },
      "original": {
        "owner": "nix-community",
        "repo": "rnix-lsp",
        "type": "github"
      }
    },
    "root": {
      "inputs": {
        "agenix": "agenix",
        "argonone-utils": "argonone-utils",
        "beautysh": "beautysh",
        "bud": "bud",
        "dan-nixpkgs": "dan-nixpkgs",
        "darwin": "darwin",
        "dcompass": "dcompass",
        "deploy": "deploy",
        "devos-ext-lib": "devos-ext-lib",
        "digga": "digga",
        "fenix": "fenix",
        "firefox-nightly": "firefox-nightly",
        "gomod2nix": "gomod2nix",
        "home": "home",
        "impermanence": "impermanence",
        "latest": "latest",
        "manix": "manix",
        "matrix-appservices": "matrix-appservices",
        "naersk": "naersk",
        "nix-gaming": "nix-gaming",
        "nixlib": "nixlib",
        "nixos": "nixos",
        "nixos-hardware": "nixos-hardware",
        "nixos-mailserver": "nixos-mailserver",
        "nixos-mailserver-latest": "nixos-mailserver-latest",
        "nixpkgs-wayland": "nixpkgs-wayland",
        "npmlock2nix": "npmlock2nix",
        "nvfetcher": "nvfetcher",
        "peerix": "peerix",
        "poetry2nix": "poetry2nix",
        "qnr": "qnr",
        "rnix-lsp": "rnix-lsp",
        "rust-overlay": "rust-overlay"
      }
    },
    "rust-analyzer-src": {
      "flake": false,
      "locked": {
        "lastModified": 1649011605,
        "narHash": "sha256-ZzghqbLHMxAabG+RDu7Zniy8bJQMdtQVn3oLTnP3jLc=",
        "owner": "rust-analyzer",
        "repo": "rust-analyzer",
        "rev": "46d7ee68f26285db26b2640f2c07d6332380c756",
        "type": "github"
      },
      "original": {
        "owner": "rust-analyzer",
        "ref": "nightly",
        "repo": "rust-analyzer",
        "type": "github"
      }
    },
    "rust-overlay": {
      "inputs": {
        "flake-utils": [
          "digga",
          "flake-utils-plus",
          "flake-utils"
        ],
        "nixpkgs": [
          "nixos"
        ]
      },
      "locked": {
        "lastModified": 1649039748,
        "narHash": "sha256-WJvIJcbiXtQig2j/AocM2zg714JyyEpwviDD19nQWQc=",
        "owner": "oxalica",
        "repo": "rust-overlay",
        "rev": "87d24beaf538aeed40f1d25c10a27fb527f19d7d",
        "type": "github"
      },
      "original": {
        "owner": "oxalica",
        "repo": "rust-overlay",
        "type": "github"
      }
    },
    "utils": {
      "locked": {
        "lastModified": 1648297722,
        "narHash": "sha256-W+qlPsiZd8F3XkzXOzAoR+mpFqzm3ekQkJNa+PIh1BQ=",
        "owner": "numtide",
        "repo": "flake-utils",
        "rev": "0f8662f1319ad6abf89b3380dd2722369fc51ade",
        "type": "github"
      },
      "original": {
        "owner": "numtide",
        "repo": "flake-utils",
        "type": "github"
      }
    }
  },
  "root": "root",
  "version": 7
}
