{
  "nodes": {
    "any-nix-shell": {
      "flake": false,
      "locked": {
        "lastModified": 1612868345,
        "narHash": "sha256-E6Q7nVPuoC81aGMYOFkmlRv1i6eoOtbYw2AeCCXMR2A=",
        "owner": "haslersn",
        "repo": "any-nix-shell",
        "rev": "ea04f9bd639f175002127ad1b5715bce3d4bd9c5",
        "type": "github"
      },
      "original": {
        "owner": "haslersn",
        "repo": "any-nix-shell",
        "type": "github"
      }
    },
    "awesome": {
      "flake": false,
      "locked": {
        "lastModified": 1623683006,
        "narHash": "sha256-5lw2HdS3idge7MH3Cgn3QfobiyY8NkUMWC0lo6cSNKo=",
        "owner": "awesomeWM",
        "repo": "awesome",
        "rev": "6b97ec33071790e66719773bfc280f34a17fef25",
        "type": "github"
      },
      "original": {
        "owner": "awesomeWM",
        "repo": "awesome",
        "type": "github"
      }
    },
    "awestore": {
      "flake": false,
      "locked": {
        "lastModified": 1618015326,
        "narHash": "sha256-VuMmEf5bCifXKHerTyFOYW4w4fXA83HM02Oj4VmQOeo=",
        "owner": "K4rakara",
        "repo": "awestore",
        "rev": "5509786a1d5bc538dcdde027bd07b35bc29b0df1",
        "type": "github"
      },
      "original": {
        "owner": "K4rakara",
        "repo": "awestore",
        "type": "github"
      }
    },
    "bling": {
      "flake": false,
      "locked": {
        "lastModified": 1624020585,
        "narHash": "sha256-VWb21Ony0UO0N6Cfi1UEfdcAS6O5zCQJtesR8Vh2CNY=",
        "owner": "BlingCorp",
        "repo": "bling",
        "rev": "75ff07a47ee93279bfba5f567637470a0f50774f",
        "type": "github"
      },
      "original": {
        "owner": "BlingCorp",
        "repo": "bling",
        "type": "github"
      }
    },
    "caddy": {
      "flake": false,
      "locked": {
        "lastModified": 1621458843,
        "narHash": "sha256-Wc7eNw5FZWoUT6IP84NhROC59bf4/RCw/gOWLuYI2dc=",
        "owner": "caddyserver",
        "repo": "caddy",
        "rev": "e3c369d4526e44f23efb10aaad8a60ce519720a0",
        "type": "github"
      },
      "original": {
        "owner": "caddyserver",
        "ref": "v2.4.1",
        "repo": "caddy",
        "type": "github"
      }
    },
    "droidcam": {
      "flake": false,
      "locked": {
        "lastModified": 1610583066,
        "narHash": "sha256-f7wLi4ReExkqb+SfOK0juzKbwdcqUVkklIUOIMtmnxM=",
        "owner": "aramg",
        "repo": "droidcam",
        "rev": "1e79120ab9aa8c5cee54d9ddfdecb53999a2dd52",
        "type": "github"
      },
      "original": {
        "owner": "aramg",
        "ref": "v1.7.1",
        "repo": "droidcam",
        "type": "github"
      }
    },
    "dwall-improved": {
      "flake": false,
      "locked": {
        "lastModified": 1622199135,
        "narHash": "sha256-DfGmIogcNXXxvYQvijGso7Nqwk+5bIolnOOjf5wk6tw=",
        "owner": "GitGangGuy",
        "repo": "dynamic-wallpaper-improved",
        "rev": "4d1b33c4604e1edfb58160887b12766dc102f1cd",
        "type": "github"
      },
      "original": {
        "owner": "GitGangGuy",
        "repo": "dynamic-wallpaper-improved",
        "type": "github"
      }
    },
    "flyingfox": {
      "flake": false,
      "locked": {
        "lastModified": 1616371777,
        "narHash": "sha256-iYsxGfbzrv9x2Oop2cfjviWUxVUVtLu+fbYvNkoS2Hw=",
        "owner": "akshat46",
        "repo": "FlyingFox",
        "rev": "8fc00aa654c10260deac2cbbc5bf062b7dcce811",
        "type": "github"
      },
      "original": {
        "owner": "akshat46",
        "repo": "FlyingFox",
        "type": "github"
      }
    },
    "ibus-bamboo": {
      "flake": false,
      "locked": {
        "lastModified": 1621082385,
        "narHash": "sha256-F/33XHcK1nfdryrHG4ifzdW2XmFxCKh6c8FVSzsiRWU=",
        "owner": "BambooEngine",
        "repo": "ibus-bamboo",
        "rev": "50eb354d5b9694226b2ab113d73f18c3361a071b",
        "type": "github"
      },
      "original": {
        "owner": "BambooEngine",
        "ref": "v0.7.5-RC2",
        "repo": "ibus-bamboo",
        "type": "github"
      }
    },
    "layout-machi": {
      "flake": false,
      "locked": {
        "lastModified": 1624116417,
        "narHash": "sha256-yABK6mZm3J7d+ZrMNDDpSR+8aTIl6yXo8G9OKsDDt98=",
        "owner": "xinhaoyuan",
        "repo": "layout-machi",
        "rev": "ac1620de02271baaa02de1703ac303c286b91b81",
        "type": "github"
      },
      "original": {
        "owner": "xinhaoyuan",
        "repo": "layout-machi",
        "type": "github"
      }
    },
    "libinih": {
      "flake": false,
      "locked": {
        "lastModified": 1612730156,
        "narHash": "sha256-hi29V40q3c3IvPH7eH3q3z1PiNN59Y0zMhgSroUsDjc=",
        "owner": "benhoyt",
        "repo": "inih",
        "rev": "cb55f57d87ae840bd0f65dbe6bd22fa021a873a7",
        "type": "github"
      },
      "original": {
        "owner": "benhoyt",
        "ref": "r53",
        "repo": "inih",
        "type": "github"
      }
    },
    "lua-pam": {
      "flake": false,
      "locked": {
        "lastModified": 1596027284,
        "narHash": "sha256-Kn0ozckmgxs19TmCuSChdiYMch92eif7DTEK+UoBtjw=",
        "owner": "RMTT",
        "repo": "lua-pam",
        "rev": "482071137257e55dac62a510f792104a9d910ea1",
        "type": "github"
      },
      "original": {
        "owner": "RMTT",
        "repo": "lua-pam",
        "type": "github"
      }
    },
    "nix-zsh-completions": {
      "flake": false,
      "locked": {
        "lastModified": 1614026477,
        "narHash": "sha256-TWgo56l+FBXssOYWlAfJ5j4pOHNmontOEolcGdihIJs=",
        "owner": "Ma27",
        "repo": "nix-zsh-completions",
        "rev": "468d8cf752a62b877eba1a196fbbebb4ce4ebb6f",
        "type": "github"
      },
      "original": {
        "owner": "Ma27",
        "repo": "nix-zsh-completions",
        "type": "github"
      }
    },
    "nixpkgs": {
      "locked": {
        "lastModified": 1624245404,
        "narHash": "sha256-JXTnqT8o+DrFtxeg8GKeCahWYCegg9B8dzBiCsPaT9k=",
        "owner": "NixOS",
        "repo": "nixpkgs",
        "rev": "57ac5534e2ee904e7469d9a4fe43eba1a019b658",
        "type": "github"
      },
      "original": {
        "id": "nixpkgs",
        "type": "indirect"
      }
    },
    "picom": {
      "flake": false,
      "locked": {
        "lastModified": 1624169104,
        "narHash": "sha256-AGv3kAQbB3ldLpNlNsrgROrZDPwR16239ZEosXAq3hU=",
        "owner": "yshui",
        "repo": "picom",
        "rev": "2a23c2458507ac25b2e6fc4748730dc07c3a8d8b",
        "type": "github"
      },
      "original": {
        "owner": "yshui",
        "repo": "picom",
        "type": "github"
      }
    },
    "pure": {
      "flake": false,
      "locked": {
        "lastModified": 1620411603,
        "narHash": "sha256-N7EZbdqmlQTspxv3e7nYootwX1dmpDe3TVPGhOuCTTU=",
        "owner": "sindresorhus",
        "repo": "pure",
        "rev": "43aafe0b4dc05174c57ee623c03c64400e832ece",
        "type": "github"
      },
      "original": {
        "owner": "sindresorhus",
        "repo": "pure",
        "type": "github"
      }
    },
    "rainfox": {
      "flake": false,
      "locked": {
        "lastModified": 1623096169,
        "narHash": "sha256-JX9sdVXjX38RVNUupktBinyGtAPCEj5YfJBg/N+wabw=",
        "owner": "1280px",
        "repo": "rainfox",
        "rev": "d373dc136b805097f5092d02365a90327dc1de4a",
        "type": "github"
      },
      "original": {
        "owner": "1280px",
        "repo": "rainfox",
        "type": "github"
      }
    },
    "redshift": {
      "flake": false,
      "locked": {
        "lastModified": 1566660017,
        "narHash": "sha256-pyR7xNdi/83NSoC2WIrX8U+A6nU+vZBlePLXrQZnc1k=",
        "owner": "minus7",
        "repo": "redshift",
        "rev": "7da875d34854a6a34612d5ce4bd8718c32bec804",
        "type": "github"
      },
      "original": {
        "owner": "minus7",
        "ref": "wayland",
        "repo": "redshift",
        "type": "github"
      }
    },
    "retroarch": {
      "flake": false,
      "locked": {
        "lastModified": 1596838013,
        "narHash": "sha256-dzPOuT+v1JtYzvAtqZ/eVWQSYQLAWX3TyS3jXdBmDdg=",
        "owner": "libretro",
        "repo": "retroarch",
        "rev": "5e551dd92b79d8127e66939835ea3c2a140c4078",
        "type": "github"
      },
      "original": {
        "owner": "libretro",
        "ref": "v1.9.0",
        "repo": "retroarch",
        "type": "github"
      }
    },
    "rnix-lsp": {
      "flake": false,
      "locked": {
        "lastModified": 1624126275,
        "narHash": "sha256-FAmvOFDf8yMNqw5SrxbxvFUovTrTmOOQ/nXXGa4yvH8=",
        "owner": "nix-community",
        "repo": "rnix-lsp",
        "rev": "e1ec7a064cdaa9a362561ab4a14dee60a4f84fbf",
        "type": "github"
      },
      "original": {
        "owner": "nix-community",
        "repo": "rnix-lsp",
        "type": "github"
      }
    },
    "root": {
      "inputs": {
        "any-nix-shell": "any-nix-shell",
        "awesome": "awesome",
        "awestore": "awestore",
        "bling": "bling",
        "caddy": "caddy",
        "droidcam": "droidcam",
        "dwall-improved": "dwall-improved",
        "flyingfox": "flyingfox",
        "ibus-bamboo": "ibus-bamboo",
        "layout-machi": "layout-machi",
        "libinih": "libinih",
        "lua-pam": "lua-pam",
        "nix-zsh-completions": "nix-zsh-completions",
        "nixpkgs": "nixpkgs",
        "picom": "picom",
        "pure": "pure",
        "rainfox": "rainfox",
        "redshift": "redshift",
        "retroarch": "retroarch",
        "rnix-lsp": "rnix-lsp",
        "sddm-chili": "sddm-chili",
        "spicetify-cli": "spicetify-cli",
        "spicetify-themes": "spicetify-themes",
        "steamcompmgr": "steamcompmgr",
        "sway": "sway",
        "sway-borders": "sway-borders",
        "udiskie": "udiskie",
        "user-js": "user-js",
        "whitesur-gtk-theme": "whitesur-gtk-theme",
        "whitesur-icon-theme": "whitesur-icon-theme",
        "wii-u-gc-adapter": "wii-u-gc-adapter",
        "wine-staging": "wine-staging",
        "winetricks": "winetricks",
        "wl-clipboard": "wl-clipboard",
        "wlroots": "wlroots",
        "xdg-desktop-portal-wlr": "xdg-desktop-portal-wlr"
      }
    },
    "sddm-chili": {
      "flake": false,
      "locked": {
        "lastModified": 1535340922,
        "narHash": "sha256-wxWsdRGC59YzDcSopDRzxg8TfjjmA3LHrdWjepTuzgw=",
        "owner": "MarianArlt",
        "repo": "sddm-chili",
        "rev": "6516d50176c3b34df29003726ef9708813d06271",
        "type": "github"
      },
      "original": {
        "owner": "MarianArlt",
        "ref": "0.1.5",
        "repo": "sddm-chili",
        "type": "github"
      }
    },
    "spicetify-cli": {
      "flake": false,
      "locked": {
        "lastModified": 1614492030,
        "narHash": "sha256-HASFaPqm/A1QQ4nkd2hgeyqWplwE1RTrWA937rJA5Oo=",
        "owner": "khanhas",
        "repo": "spicetify-cli",
        "rev": "0554aae8b6034199c078eb7dbc83d818388cb48a",
        "type": "github"
      },
      "original": {
        "owner": "khanhas",
        "ref": "v1.2.1",
        "repo": "spicetify-cli",
        "type": "github"
      }
    },
    "spicetify-themes": {
      "flake": false,
      "locked": {
        "lastModified": 1621576451,
        "narHash": "sha256-spP1SX0zdqu721a46pNQxzDOxHu37dHUjguOUryHexc=",
        "owner": "morpheusthewhite",
        "repo": "spicetify-themes",
        "rev": "f7ae24e4b7a5ae43d3a3f2648d53c82426c643a9",
        "type": "github"
      },
      "original": {
        "owner": "morpheusthewhite",
        "repo": "spicetify-themes",
        "type": "github"
      }
    },
    "steamcompmgr": {
      "flake": false,
      "locked": {
        "lastModified": 1624154001,
        "narHash": "sha256-OzJR6JUJ9ViK86qDDXqFhAY9djsCo8u0smeg10luqkk=",
        "owner": "gamer-os",
        "repo": "steamos-compositor-plus",
        "rev": "213d3dc7f54c6b27de43401e3c46ff9522f38988",
        "type": "github"
      },
      "original": {
        "owner": "gamer-os",
        "repo": "steamos-compositor-plus",
        "type": "github"
      }
    },
    "sway": {
      "flake": false,
      "locked": {
        "lastModified": 1624217944,
        "narHash": "sha256-0f8ejGCJFkHnh3Z6JuEAOaBG1t1LsaldPPETAaNfPik=",
        "owner": "swaywm",
        "repo": "sway",
        "rev": "dbc326ba84037252da89d1140fe6113556600314",
        "type": "github"
      },
      "original": {
        "owner": "swaywm",
        "repo": "sway",
        "type": "github"
      }
    },
    "sway-borders": {
      "flake": false,
      "locked": {
        "lastModified": 1623802800,
        "narHash": "sha256-iOTH9fZhVxkSeSFofBYw+Ij8PxO0jI7LixE3zshZ11I=",
        "owner": "fluix-dev",
        "repo": "sway-borders",
        "rev": "e555655f7900e76b0f4cf829c5ebb21c5640d1d2",
        "type": "github"
      },
      "original": {
        "owner": "fluix-dev",
        "repo": "sway-borders",
        "type": "github"
      }
    },
    "udiskie": {
      "flake": false,
      "locked": {
        "lastModified": 1614953216,
        "narHash": "sha256-OeNAcL7jd8GiPVUGxWwX4N/G/jzxfyifaoSD/hXXwyM=",
        "owner": "coldfix",
        "repo": "udiskie",
        "rev": "261294057580785383bd63bd7e66bd0d59beabf4",
        "type": "github"
      },
      "original": {
        "owner": "coldfix",
        "repo": "udiskie",
        "type": "github"
      }
    },
    "user-js": {
      "flake": false,
      "locked": {
        "lastModified": 1624193397,
        "narHash": "sha256-E5EAT7bSv9EnrrATyk6UMLugz9Ls3wVQxtNBgsBOYEQ=",
        "owner": "arkenfox",
        "repo": "user.js",
        "rev": "b93a5e334c1f66d1a2cb7b7b79dfe506805c888e",
        "type": "github"
      },
      "original": {
        "owner": "arkenfox",
        "repo": "user.js",
        "type": "github"
      }
    },
    "whitesur-gtk-theme": {
      "flake": false,
      "locked": {
        "lastModified": 1610719801,
        "narHash": "sha256-gi248f68xgtsmtTag1BizizmysTAlPQJctN20lJz2pU=",
        "owner": "vinceliuice",
        "repo": "whitesur-gtk-theme",
        "rev": "c8e4b2caf7fb556b529db7c15f9c3ecf51a7d9c7",
        "type": "github"
      },
      "original": {
        "owner": "vinceliuice",
        "ref": "2021-01-15",
        "repo": "whitesur-gtk-theme",
        "type": "github"
      }
    },
    "whitesur-icon-theme": {
      "flake": false,
      "locked": {
        "lastModified": 1602383045,
        "narHash": "sha256-BAbjd5+RMT7yJcuRrZ4nCwzRE714pQnlTMxOcIdS56s=",
        "owner": "vinceliuice",
        "repo": "whitesur-icon-theme",
        "rev": "e4f9697ac3b86a8caaf0d7835e9047fc66fb2462",
        "type": "github"
      },
      "original": {
        "owner": "vinceliuice",
        "ref": "2020-10-11",
        "repo": "whitesur-icon-theme",
        "type": "github"
      }
    },
    "wii-u-gc-adapter": {
      "flake": false,
      "locked": {
        "lastModified": 1614998740,
        "narHash": "sha256-ZoyzYX+GaPWWYBfl3lw3SZQNSSSjFuWN3tRIQgaTWOY=",
        "owner": "ToadKing",
        "repo": "wii-u-gc-adapter",
        "rev": "64d7ddc511adb12f2eb05bd97294bc51cf51bfab",
        "type": "github"
      },
      "original": {
        "owner": "ToadKing",
        "repo": "wii-u-gc-adapter",
        "type": "github"
      }
    },
    "wine-staging": {
      "flake": false,
      "locked": {
        "lastModified": 1624119682,
        "narHash": "sha256-r0XljbdrA7ZghiDniBwznMXXc3O/XXdtlh+gneRWtuY=",
        "owner": "wine-staging",
        "repo": "wine-staging",
        "rev": "fd5866f6f12e82afc74a21e6f39e65e117d250f2",
        "type": "github"
      },
      "original": {
        "owner": "wine-staging",
        "repo": "wine-staging",
        "type": "github"
      }
    },
    "winetricks": {
      "flake": false,
      "locked": {
        "lastModified": 1623991473,
        "narHash": "sha256-9KX6TITx/n0Ksc2TI57JlKYzcMh2b0G1JLQTDdaN/kY=",
        "owner": "Winetricks",
        "repo": "winetricks",
        "rev": "1b4f353bb3563b119618b74b7514098f72fc6154",
        "type": "github"
      },
      "original": {
        "owner": "Winetricks",
        "repo": "winetricks",
        "type": "github"
      }
    },
    "wl-clipboard": {
      "flake": false,
      "locked": {
        "lastModified": 1621615602,
        "narHash": "sha256-U5EV5+l3qYsEqtv4MaDYb68xB+1TwSl6mUNOwo7+dhU=",
        "owner": "bugaevc",
        "repo": "wl-clipboard",
        "rev": "d2c32f2b4d469f53070e8c4052dea6f412de3916",
        "type": "github"
      },
      "original": {
        "owner": "bugaevc",
        "repo": "wl-clipboard",
        "type": "github"
      }
    },
    "wlroots": {
      "flake": false,
      "locked": {
        "lastModified": 1624223828,
        "narHash": "sha256-FBOIBlH9i35I5mfDPBy+3ti6I/bsJ6AiprGA6OoaIg4=",
        "owner": "swaywm",
        "repo": "wlroots",
        "rev": "2f615468b68d49c8ec03ceffa751f8425d4c9b6b",
        "type": "github"
      },
      "original": {
        "owner": "swaywm",
        "repo": "wlroots",
        "type": "github"
      }
    },
    "xdg-desktop-portal-wlr": {
      "flake": false,
      "locked": {
        "lastModified": 1623915436,
        "narHash": "sha256-56uGCsCLXyc5HoJW/Nr7SKWDJCoZtdUBTsAG2xSfrRM=",
        "owner": "emersion",
        "repo": "xdg-desktop-portal-wlr",
        "rev": "6438edb7b95b4ae5440ebdac8296c024b58a6508",
        "type": "github"
      },
      "original": {
        "owner": "emersion",
        "repo": "xdg-desktop-portal-wlr",
        "type": "github"
      }
    }
  },
  "root": "root",
  "version": 7
}
